// !$*UTF8*$!
{
	archiveVersion = 1;
	classes = {
	};
	objectVersion = 51;
	objects = {

/* Begin PBXBuildFile section */
		05C62D694901E75758854418 /* Pods_IMNetworking.framework in Frameworks */ = {isa = PBXBuildFile; fileRef = AAEFDFC7F9D8FE673D63886D /* Pods_IMNetworking.framework */; };
		42446D2522C0B4F900A6591C /* Utilitles.m in Sources */ = {isa = PBXBuildFile; fileRef = 42446D2422C0B4F900A6591C /* Utilitles.m */; };
		42446D2B22C0C7FC00A6591C /* LoginModel.m in Sources */ = {isa = PBXBuildFile; fileRef = 42446D2A22C0C7FC00A6591C /* LoginModel.m */; };
		42446D2F22C0D95700A6591C /* RegisteredViewController.m in Sources */ = {isa = PBXBuildFile; fileRef = 42446D2D22C0D95700A6591C /* RegisteredViewController.m */; };
		42446D3022C0D95700A6591C /* RegisteredViewController.xib in Resources */ = {isa = PBXBuildFile; fileRef = 42446D2E22C0D95700A6591C /* RegisteredViewController.xib */; };
		425B32B922C06BC900644CB9 /* SVProgressHUD+DPHProgressHUD.m in Sources */ = {isa = PBXBuildFile; fileRef = 425B325122C06BC900644CB9 /* SVProgressHUD+DPHProgressHUD.m */; };
		425B32BD22C06BC900644CB9 /* NSString+Utilitles.m in Sources */ = {isa = PBXBuildFile; fileRef = 425B325922C06BC900644CB9 /* NSString+Utilitles.m */; };
		425B32BE22C06BC900644CB9 /* UIView+XJToast.m in Sources */ = {isa = PBXBuildFile; fileRef = 425B325C22C06BC900644CB9 /* UIView+XJToast.m */; };
		425B32BF22C06BC900644CB9 /* BaseViewController.m in Sources */ = {isa = PBXBuildFile; fileRef = 425B325F22C06BC900644CB9 /* BaseViewController.m */; };
		425B32C022C06BC900644CB9 /* UICollectionViewFlowLayout+Add.m in Sources */ = {isa = PBXBuildFile; fileRef = 425B326122C06BC900644CB9 /* UICollectionViewFlowLayout+Add.m */; };
		425B32C122C06BC900644CB9 /* ShopClassCollectionViewCell.m in Sources */ = {isa = PBXBuildFile; fileRef = 425B326422C06BC900644CB9 /* ShopClassCollectionViewCell.m */; };
		425B32C222C06BC900644CB9 /* BaseCollectionViewController.m in Sources */ = {isa = PBXBuildFile; fileRef = 425B326622C06BC900644CB9 /* BaseCollectionViewController.m */; };
		425B32C322C06BC900644CB9 /* ShopClassCollectionViewCell.xib in Resources */ = {isa = PBXBuildFile; fileRef = 425B326722C06BC900644CB9 /* ShopClassCollectionViewCell.xib */; };
		425B32C422C06BC900644CB9 /* CurrentController.m in Sources */ = {isa = PBXBuildFile; fileRef = 425B326A22C06BC900644CB9 /* CurrentController.m */; };
		425B32C522C06BC900644CB9 /* RecordViewController.m in Sources */ = {isa = PBXBuildFile; fileRef = 425B326D22C06BC900644CB9 /* RecordViewController.m */; };
		425B32C622C06BC900644CB9 /* PlayRecord.m in Sources */ = {isa = PBXBuildFile; fileRef = 425B326F22C06BC900644CB9 /* PlayRecord.m */; };
		425B32C722C06BC900644CB9 /* RecordViewController.xib in Resources */ = {isa = PBXBuildFile; fileRef = 425B327022C06BC900644CB9 /* RecordViewController.xib */; };
		425B32C822C06BC900644CB9 /* sample.aac in Resources */ = {isa = PBXBuildFile; fileRef = 425B327122C06BC900644CB9 /* sample.aac */; };
		425B32C922C06BC900644CB9 /* AudioRecord.m in Sources */ = {isa = PBXBuildFile; fileRef = 425B327222C06BC900644CB9 /* AudioRecord.m */; };
		425B32CE22C06BC900644CB9 /* DPHSelectImageVC.m in Sources */ = {isa = PBXBuildFile; fileRef = 425B328722C06BC900644CB9 /* DPHSelectImageVC.m */; };
		425B32CF22C06BC900644CB9 /* UIImage+FixOrientation.m in Sources */ = {isa = PBXBuildFile; fileRef = 425B328A22C06BC900644CB9 /* UIImage+FixOrientation.m */; };
		425B32D022C06BC900644CB9 /* GuideCollectionViewCell.m in Sources */ = {isa = PBXBuildFile; fileRef = 425B328D22C06BC900644CB9 /* GuideCollectionViewCell.m */; };
		425B32D122C06BC900644CB9 /* GuideCollectionViewCell.xib in Resources */ = {isa = PBXBuildFile; fileRef = 425B328F22C06BC900644CB9 /* GuideCollectionViewCell.xib */; };
		425B32D222C06BC900644CB9 /* GuideViewController.m in Sources */ = {isa = PBXBuildFile; fileRef = 425B329022C06BC900644CB9 /* GuideViewController.m */; };
		425B32D322C06BC900644CB9 /* ELCVFlowLayout.m in Sources */ = {isa = PBXBuildFile; fileRef = 425B329122C06BC900644CB9 /* ELCVFlowLayout.m */; };
		425B32D422C06BC900644CB9 /* CacheUserInfo.m in Sources */ = {isa = PBXBuildFile; fileRef = 425B329422C06BC900644CB9 /* CacheUserInfo.m */; };
		425B32D522C06BC900644CB9 /* UserModel.m in Sources */ = {isa = PBXBuildFile; fileRef = 425B329522C06BC900644CB9 /* UserModel.m */; };
		425B32D622C06BC900644CB9 /* ServiceApi.m in Sources */ = {isa = PBXBuildFile; fileRef = 425B329C22C06BC900644CB9 /* ServiceApi.m */; };
		425B32D722C06BC900644CB9 /* XHPayWxReq.m in Sources */ = {isa = PBXBuildFile; fileRef = 425B329F22C06BC900644CB9 /* XHPayWxReq.m */; };
		425B32D822C06BC900644CB9 /* XHPayKit.m in Sources */ = {isa = PBXBuildFile; fileRef = 425B32A222C06BC900644CB9 /* XHPayKit.m */; };
		425B32D922C06BC900644CB9 /* README.md in Resources */ = {isa = PBXBuildFile; fileRef = 425B32A322C06BC900644CB9 /* README.md */; };
		425B32DA22C06BC900644CB9 /* NSDictionary+XHPayKit.m in Sources */ = {isa = PBXBuildFile; fileRef = 425B32A422C06BC900644CB9 /* NSDictionary+XHPayKit.m */; };
		425B32DB22C06BC900644CB9 /* XHPayKitConst.m in Sources */ = {isa = PBXBuildFile; fileRef = 425B32A522C06BC900644CB9 /* XHPayKitConst.m */; };
		425B32DC22C06BC900644CB9 /* NSString+XHPayKit.m in Sources */ = {isa = PBXBuildFile; fileRef = 425B32A622C06BC900644CB9 /* NSString+XHPayKit.m */; };
		425B32DD22C06BC900644CB9 /* MLCompatibleAlert.m in Sources */ = {isa = PBXBuildFile; fileRef = 425B32AA22C06BC900644CB9 /* MLCompatibleAlert.m */; };
		425B32DE22C06BC900644CB9 /* ConfigGlobalStyle.m in Sources */ = {isa = PBXBuildFile; fileRef = 425B32B122C06BC900644CB9 /* ConfigGlobalStyle.m */; };
		425B32DF22C06BC900644CB9 /* ConfigIQKeyboard.m in Sources */ = {isa = PBXBuildFile; fileRef = 425B32B222C06BC900644CB9 /* ConfigIQKeyboard.m */; };
		425B32E022C06BC900644CB9 /* MainTabBarConfig.m in Sources */ = {isa = PBXBuildFile; fileRef = 425B32B322C06BC900644CB9 /* MainTabBarConfig.m */; };
		425B32E422C06CE000644CB9 /* MainTabBarController.m in Sources */ = {isa = PBXBuildFile; fileRef = 425B32E222C06CDF00644CB9 /* MainTabBarController.m */; };
		425B32EA22C06D9C00644CB9 /* HomeViewController.m in Sources */ = {isa = PBXBuildFile; fileRef = 425B32E922C06D9C00644CB9 /* HomeViewController.m */; };
		425B32ED22C06DB500644CB9 /* AddressBookViewController.m in Sources */ = {isa = PBXBuildFile; fileRef = 425B32EC22C06DB500644CB9 /* AddressBookViewController.m */; };
		425B32F022C06DC500644CB9 /* PersionViewController.m in Sources */ = {isa = PBXBuildFile; fileRef = 425B32EF22C06DC500644CB9 /* PersionViewController.m */; };
		425B330022C07C4200644CB9 /* LoginViewController.m in Sources */ = {isa = PBXBuildFile; fileRef = 425B32FE22C07C4200644CB9 /* LoginViewController.m */; };
		425B330122C07C4200644CB9 /* LoginViewController.xib in Resources */ = {isa = PBXBuildFile; fileRef = 425B32FF22C07C4200644CB9 /* LoginViewController.xib */; };
		4263798922BE840A00FC2FFE /* ChatModel.m in Sources */ = {isa = PBXBuildFile; fileRef = 4263798822BE840A00FC2FFE /* ChatModel.m */; };
		4265BBB722C1A821006A226F /* ForgetPwdViewController.m in Sources */ = {isa = PBXBuildFile; fileRef = 4265BBB522C1A821006A226F /* ForgetPwdViewController.m */; };
		4265BBB822C1A821006A226F /* ForgetPwdViewController.xib in Resources */ = {isa = PBXBuildFile; fileRef = 4265BBB622C1A821006A226F /* ForgetPwdViewController.xib */; };
		4265BBBB22C1BFB8006A226F /* UpdatePwdViewModel.m in Sources */ = {isa = PBXBuildFile; fileRef = 4265BBBA22C1BFB8006A226F /* UpdatePwdViewModel.m */; };
		42AC7B5622BE1913008C2393 /* ChatVO.m in Sources */ = {isa = PBXBuildFile; fileRef = 42AC7B5522BE1913008C2393 /* ChatVO.m */; };
		42B6E0D422C10C5A00F387AA /* RegisteViewModel.m in Sources */ = {isa = PBXBuildFile; fileRef = 42B6E0D322C10C5A00F387AA /* RegisteViewModel.m */; };
		42CE56A022C0ACB800075E98 /* LoginViewModel.m in Sources */ = {isa = PBXBuildFile; fileRef = 42CE569F22C0ACB800075E98 /* LoginViewModel.m */; };
		42CE56A622C0B21500075E98 /* RequestManager.m in Sources */ = {isa = PBXBuildFile; fileRef = 42CE56A422C0B21500075E98 /* RequestManager.m */; };
		93134A5522B2AC9500868E39 /* AppDelegate.m in Sources */ = {isa = PBXBuildFile; fileRef = 93134A5422B2AC9500868E39 /* AppDelegate.m */; };
		93134A5B22B2AC9500868E39 /* Main.storyboard in Resources */ = {isa = PBXBuildFile; fileRef = 93134A5922B2AC9500868E39 /* Main.storyboard */; };
		93134A5D22B2AC9500868E39 /* Assets.xcassets in Resources */ = {isa = PBXBuildFile; fileRef = 93134A5C22B2AC9500868E39 /* Assets.xcassets */; };
		93134A6022B2AC9500868E39 /* LaunchScreen.storyboard in Resources */ = {isa = PBXBuildFile; fileRef = 93134A5E22B2AC9500868E39 /* LaunchScreen.storyboard */; };
		93134A6322B2AC9500868E39 /* main.m in Sources */ = {isa = PBXBuildFile; fileRef = 93134A6222B2AC9500868E39 /* main.m */; };
		93134A9C22B2AD9300868E39 /* SocketManager.m in Sources */ = {isa = PBXBuildFile; fileRef = 93134A6D22B2AD9300868E39 /* SocketManager.m */; };
		93134AA022B2AD9300868E39 /* MsgStatuscodepbobjc.m in Sources */ = {isa = PBXBuildFile; fileRef = 93134A7C22B2AD9300868E39 /* MsgStatuscodepbobjc.m */; settings = {COMPILER_FLAGS = "-fno-objc-arc"; }; };
		93134AA522B2AD9300868E39 /* MsgChatpbobjc.m in Sources */ = {isa = PBXBuildFile; fileRef = 93134A8422B2AD9300868E39 /* MsgChatpbobjc.m */; settings = {COMPILER_FLAGS = "-fno-objc-arc"; }; };
		93134AA622B2AD9300868E39 /* MsgRegistpbobjc.m in Sources */ = {isa = PBXBuildFile; fileRef = 93134A8522B2AD9300868E39 /* MsgRegistpbobjc.m */; settings = {COMPILER_FLAGS = "-fno-objc-arc"; }; };
		93134AA722B2AD9300868E39 /* MsgHeaderpbobjc.m in Sources */ = {isa = PBXBuildFile; fileRef = 93134A8622B2AD9300868E39 /* MsgHeaderpbobjc.m */; settings = {COMPILER_FLAGS = "-fno-objc-arc"; }; };
		93134AA822B2AD9300868E39 /* MsgTypepbobjc.m in Sources */ = {isa = PBXBuildFile; fileRef = 93134A8722B2AD9300868E39 /* MsgTypepbobjc.m */; settings = {COMPILER_FLAGS = "-fno-objc-arc"; }; };
		93134AAA22B2AD9300868E39 /* MsgLogoutpbobjc.m in Sources */ = {isa = PBXBuildFile; fileRef = 93134A8922B2AD9300868E39 /* MsgLogoutpbobjc.m */; settings = {COMPILER_FLAGS = "-fno-objc-arc"; }; };
		93134AAB22B2AD9300868E39 /* MsgLoginpbobjc.m in Sources */ = {isa = PBXBuildFile; fileRef = 93134A8A22B2AD9300868E39 /* MsgLoginpbobjc.m */; settings = {COMPILER_FLAGS = "-fno-objc-arc"; }; };
		93134AAC22B2AD9300868E39 /* MsgHeartbeatpbobjc.m in Sources */ = {isa = PBXBuildFile; fileRef = 93134A8C22B2AD9300868E39 /* MsgHeartbeatpbobjc.m */; settings = {COMPILER_FLAGS = "-fno-objc-arc"; }; };
		93134AAD22B2AD9300868E39 /* MsgTypingpbobjc.m in Sources */ = {isa = PBXBuildFile; fileRef = 93134A8D22B2AD9300868E39 /* MsgTypingpbobjc.m */; settings = {COMPILER_FLAGS = "-fno-objc-arc"; }; };
		93134AB322B2AD9300868E39 /* MsgShakepbobjc.m in Sources */ = {isa = PBXBuildFile; fileRef = 93134A9422B2AD9300868E39 /* MsgShakepbobjc.m */; settings = {COMPILER_FLAGS = "-fno-objc-arc"; }; };
		938A5D0B22B5539900C010C4 /* TimeUtilities.m in Sources */ = {isa = PBXBuildFile; fileRef = 938A5D0A22B5539900C010C4 /* TimeUtilities.m */; };
		93BF0B0822B3871600B2E6F2 /* MessageModel.m in Sources */ = {isa = PBXBuildFile; fileRef = 93BF0B0722B3871600B2E6F2 /* MessageModel.m */; };
		93BF0B0E22B39F6E00B2E6F2 /* SendMessage.m in Sources */ = {isa = PBXBuildFile; fileRef = 93BF0B0D22B39F6E00B2E6F2 /* SendMessage.m */; };
		93BF0B1122B39FD500B2E6F2 /* BuilderMessage.m in Sources */ = {isa = PBXBuildFile; fileRef = 93BF0B1022B39FD500B2E6F2 /* BuilderMessage.m */; };
		93C114A022B8E29B00D95C15 /* MsgHandshakepbobjc.m in Sources */ = {isa = PBXBuildFile; fileRef = 93C1149F22B8E29B00D95C15 /* MsgHandshakepbobjc.m */; };
		93CAB0DB22B3ACB200289E7E /* MessageProtoBuf.m in Sources */ = {isa = PBXBuildFile; fileRef = 93CAB0DA22B3ACB200289E7E /* MessageProtoBuf.m */; };
		93DAD54F22B55B54006FBBE3 /* LinkService.m in Sources */ = {isa = PBXBuildFile; fileRef = 93DAD54E22B55B54006FBBE3 /* LinkService.m */; };
		93DAD55222B55D0E006FBBE3 /* PacketService.m in Sources */ = {isa = PBXBuildFile; fileRef = 93DAD55122B55D0E006FBBE3 /* PacketService.m */; };
		93DAD55622B5DE92006FBBE3 /* AnalysisMessage.m in Sources */ = {isa = PBXBuildFile; fileRef = 93DAD55522B5DE92006FBBE3 /* AnalysisMessage.m */; };
		93DAD55922B5FEE9006FBBE3 /* ReceiveMessage.m in Sources */ = {isa = PBXBuildFile; fileRef = 93DAD55822B5FEE9006FBBE3 /* ReceiveMessage.m */; };
/* End PBXBuildFile section */

/* Begin PBXFileReference section */
		42446D2322C0B4F900A6591C /* Utilitles.h */ = {isa = PBXFileReference; lastKnownFileType = sourcecode.c.h; path = Utilitles.h; sourceTree = "<group>"; };
		42446D2422C0B4F900A6591C /* Utilitles.m */ = {isa = PBXFileReference; lastKnownFileType = sourcecode.c.objc; path = Utilitles.m; sourceTree = "<group>"; };
		42446D2922C0C7FC00A6591C /* LoginModel.h */ = {isa = PBXFileReference; lastKnownFileType = sourcecode.c.h; path = LoginModel.h; sourceTree = "<group>"; };
		42446D2A22C0C7FC00A6591C /* LoginModel.m */ = {isa = PBXFileReference; lastKnownFileType = sourcecode.c.objc; path = LoginModel.m; sourceTree = "<group>"; };
		42446D2C22C0D95700A6591C /* RegisteredViewController.h */ = {isa = PBXFileReference; lastKnownFileType = sourcecode.c.h; path = RegisteredViewController.h; sourceTree = "<group>"; };
		42446D2D22C0D95700A6591C /* RegisteredViewController.m */ = {isa = PBXFileReference; lastKnownFileType = sourcecode.c.objc; path = RegisteredViewController.m; sourceTree = "<group>"; };
		42446D2E22C0D95700A6591C /* RegisteredViewController.xib */ = {isa = PBXFileReference; lastKnownFileType = file.xib; path = RegisteredViewController.xib; sourceTree = "<group>"; };
		425B325122C06BC900644CB9 /* SVProgressHUD+DPHProgressHUD.m */ = {isa = PBXFileReference; fileEncoding = 4; lastKnownFileType = sourcecode.c.objc; path = "SVProgressHUD+DPHProgressHUD.m"; sourceTree = "<group>"; };
		425B325222C06BC900644CB9 /* SVProgressHUD+DPHProgressHUD.h */ = {isa = PBXFileReference; fileEncoding = 4; lastKnownFileType = sourcecode.c.h; path = "SVProgressHUD+DPHProgressHUD.h"; sourceTree = "<group>"; };
		425B325922C06BC900644CB9 /* NSString+Utilitles.m */ = {isa = PBXFileReference; fileEncoding = 4; lastKnownFileType = sourcecode.c.objc; path = "NSString+Utilitles.m"; sourceTree = "<group>"; };
		425B325B22C06BC900644CB9 /* UIView+XJToast.h */ = {isa = PBXFileReference; fileEncoding = 4; lastKnownFileType = sourcecode.c.h; path = "UIView+XJToast.h"; sourceTree = "<group>"; };
		425B325C22C06BC900644CB9 /* UIView+XJToast.m */ = {isa = PBXFileReference; fileEncoding = 4; lastKnownFileType = sourcecode.c.objc; path = "UIView+XJToast.m"; sourceTree = "<group>"; };
		425B325E22C06BC900644CB9 /* ShopClassCollectionViewCell.h */ = {isa = PBXFileReference; fileEncoding = 4; lastKnownFileType = sourcecode.c.h; path = ShopClassCollectionViewCell.h; sourceTree = "<group>"; };
		425B325F22C06BC900644CB9 /* BaseViewController.m */ = {isa = PBXFileReference; fileEncoding = 4; lastKnownFileType = sourcecode.c.objc; path = BaseViewController.m; sourceTree = "<group>"; };
		425B326122C06BC900644CB9 /* UICollectionViewFlowLayout+Add.m */ = {isa = PBXFileReference; fileEncoding = 4; lastKnownFileType = sourcecode.c.objc; path = "UICollectionViewFlowLayout+Add.m"; sourceTree = "<group>"; };
		425B326222C06BC900644CB9 /* UICollectionViewFlowLayout+Add.h */ = {isa = PBXFileReference; fileEncoding = 4; lastKnownFileType = sourcecode.c.h; path = "UICollectionViewFlowLayout+Add.h"; sourceTree = "<group>"; };
		425B326322C06BC900644CB9 /* BaseCollectionViewController.h */ = {isa = PBXFileReference; fileEncoding = 4; lastKnownFileType = sourcecode.c.h; path = BaseCollectionViewController.h; sourceTree = "<group>"; };
		425B326422C06BC900644CB9 /* ShopClassCollectionViewCell.m */ = {isa = PBXFileReference; fileEncoding = 4; lastKnownFileType = sourcecode.c.objc; path = ShopClassCollectionViewCell.m; sourceTree = "<group>"; };
		425B326522C06BC900644CB9 /* BaseViewController.h */ = {isa = PBXFileReference; fileEncoding = 4; lastKnownFileType = sourcecode.c.h; path = BaseViewController.h; sourceTree = "<group>"; };
		425B326622C06BC900644CB9 /* BaseCollectionViewController.m */ = {isa = PBXFileReference; fileEncoding = 4; lastKnownFileType = sourcecode.c.objc; path = BaseCollectionViewController.m; sourceTree = "<group>"; };
		425B326722C06BC900644CB9 /* ShopClassCollectionViewCell.xib */ = {isa = PBXFileReference; fileEncoding = 4; lastKnownFileType = file.xib; path = ShopClassCollectionViewCell.xib; sourceTree = "<group>"; };
		425B326922C06BC900644CB9 /* CurrentController.h */ = {isa = PBXFileReference; fileEncoding = 4; lastKnownFileType = sourcecode.c.h; path = CurrentController.h; sourceTree = "<group>"; };
		425B326A22C06BC900644CB9 /* CurrentController.m */ = {isa = PBXFileReference; fileEncoding = 4; lastKnownFileType = sourcecode.c.objc; path = CurrentController.m; sourceTree = "<group>"; };
		425B326C22C06BC900644CB9 /* PlayRecord.h */ = {isa = PBXFileReference; fileEncoding = 4; lastKnownFileType = sourcecode.c.h; path = PlayRecord.h; sourceTree = "<group>"; };
		425B326D22C06BC900644CB9 /* RecordViewController.m */ = {isa = PBXFileReference; fileEncoding = 4; lastKnownFileType = sourcecode.c.objc; path = RecordViewController.m; sourceTree = "<group>"; };
		425B326E22C06BC900644CB9 /* AudioRecord.h */ = {isa = PBXFileReference; fileEncoding = 4; lastKnownFileType = sourcecode.c.h; path = AudioRecord.h; sourceTree = "<group>"; };
		425B326F22C06BC900644CB9 /* PlayRecord.m */ = {isa = PBXFileReference; fileEncoding = 4; lastKnownFileType = sourcecode.c.objc; path = PlayRecord.m; sourceTree = "<group>"; };
		425B327022C06BC900644CB9 /* RecordViewController.xib */ = {isa = PBXFileReference; fileEncoding = 4; lastKnownFileType = file.xib; path = RecordViewController.xib; sourceTree = "<group>"; };
		425B327122C06BC900644CB9 /* sample.aac */ = {isa = PBXFileReference; lastKnownFileType = file; path = sample.aac; sourceTree = "<group>"; };
		425B327222C06BC900644CB9 /* AudioRecord.m */ = {isa = PBXFileReference; fileEncoding = 4; lastKnownFileType = sourcecode.c.objc; path = AudioRecord.m; sourceTree = "<group>"; };
		425B327322C06BC900644CB9 /* RecordViewController.h */ = {isa = PBXFileReference; fileEncoding = 4; lastKnownFileType = sourcecode.c.h; path = RecordViewController.h; sourceTree = "<group>"; };
		425B328722C06BC900644CB9 /* DPHSelectImageVC.m */ = {isa = PBXFileReference; fileEncoding = 4; lastKnownFileType = sourcecode.c.objc; path = DPHSelectImageVC.m; sourceTree = "<group>"; };
		425B328822C06BC900644CB9 /* UIImage+FixOrientation.h */ = {isa = PBXFileReference; fileEncoding = 4; lastKnownFileType = sourcecode.c.h; path = "UIImage+FixOrientation.h"; sourceTree = "<group>"; };
		425B328922C06BC900644CB9 /* DPHSelectImageVC.h */ = {isa = PBXFileReference; fileEncoding = 4; lastKnownFileType = sourcecode.c.h; path = DPHSelectImageVC.h; sourceTree = "<group>"; };
		425B328A22C06BC900644CB9 /* UIImage+FixOrientation.m */ = {isa = PBXFileReference; fileEncoding = 4; lastKnownFileType = sourcecode.c.objc; path = "UIImage+FixOrientation.m"; sourceTree = "<group>"; };
		425B328C22C06BC900644CB9 /* GuideViewController.h */ = {isa = PBXFileReference; fileEncoding = 4; lastKnownFileType = sourcecode.c.h; path = GuideViewController.h; sourceTree = "<group>"; };
		425B328D22C06BC900644CB9 /* GuideCollectionViewCell.m */ = {isa = PBXFileReference; fileEncoding = 4; lastKnownFileType = sourcecode.c.objc; path = GuideCollectionViewCell.m; sourceTree = "<group>"; };
		425B328E22C06BC900644CB9 /* ELCVFlowLayout.h */ = {isa = PBXFileReference; fileEncoding = 4; lastKnownFileType = sourcecode.c.h; path = ELCVFlowLayout.h; sourceTree = "<group>"; };
		425B328F22C06BC900644CB9 /* GuideCollectionViewCell.xib */ = {isa = PBXFileReference; fileEncoding = 4; lastKnownFileType = file.xib; path = GuideCollectionViewCell.xib; sourceTree = "<group>"; };
		425B329022C06BC900644CB9 /* GuideViewController.m */ = {isa = PBXFileReference; fileEncoding = 4; lastKnownFileType = sourcecode.c.objc; path = GuideViewController.m; sourceTree = "<group>"; };
		425B329122C06BC900644CB9 /* ELCVFlowLayout.m */ = {isa = PBXFileReference; fileEncoding = 4; lastKnownFileType = sourcecode.c.objc; path = ELCVFlowLayout.m; sourceTree = "<group>"; };
		425B329222C06BC900644CB9 /* GuideCollectionViewCell.h */ = {isa = PBXFileReference; fileEncoding = 4; lastKnownFileType = sourcecode.c.h; path = GuideCollectionViewCell.h; sourceTree = "<group>"; };
		425B329422C06BC900644CB9 /* CacheUserInfo.m */ = {isa = PBXFileReference; fileEncoding = 4; lastKnownFileType = sourcecode.c.objc; path = CacheUserInfo.m; sourceTree = "<group>"; };
		425B329522C06BC900644CB9 /* UserModel.m */ = {isa = PBXFileReference; fileEncoding = 4; lastKnownFileType = sourcecode.c.objc; path = UserModel.m; sourceTree = "<group>"; };
		425B329622C06BC900644CB9 /* CacheUserInfo.h */ = {isa = PBXFileReference; fileEncoding = 4; lastKnownFileType = sourcecode.c.h; path = CacheUserInfo.h; sourceTree = "<group>"; };
		425B329722C06BC900644CB9 /* UserModel.h */ = {isa = PBXFileReference; fileEncoding = 4; lastKnownFileType = sourcecode.c.h; path = UserModel.h; sourceTree = "<group>"; };
		425B329922C06BC900644CB9 /* ServiceApi.h */ = {isa = PBXFileReference; fileEncoding = 4; lastKnownFileType = sourcecode.c.h; path = ServiceApi.h; sourceTree = "<group>"; };
		425B329A22C06BC900644CB9 /* URLHeader.h */ = {isa = PBXFileReference; fileEncoding = 4; lastKnownFileType = sourcecode.c.h; path = URLHeader.h; sourceTree = "<group>"; };
		425B329B22C06BC900644CB9 /* Common.h */ = {isa = PBXFileReference; fileEncoding = 4; lastKnownFileType = sourcecode.c.h; path = Common.h; sourceTree = "<group>"; };
		425B329C22C06BC900644CB9 /* ServiceApi.m */ = {isa = PBXFileReference; fileEncoding = 4; lastKnownFileType = sourcecode.c.objc; path = ServiceApi.m; sourceTree = "<group>"; };
		425B329E22C06BC900644CB9 /* NSDictionary+XHPayKit.h */ = {isa = PBXFileReference; fileEncoding = 4; lastKnownFileType = sourcecode.c.h; path = "NSDictionary+XHPayKit.h"; sourceTree = "<group>"; };
		425B329F22C06BC900644CB9 /* XHPayWxReq.m */ = {isa = PBXFileReference; fileEncoding = 4; lastKnownFileType = sourcecode.c.objc; path = XHPayWxReq.m; sourceTree = "<group>"; };
		425B32A022C06BC900644CB9 /* NSString+XHPayKit.h */ = {isa = PBXFileReference; fileEncoding = 4; lastKnownFileType = sourcecode.c.h; path = "NSString+XHPayKit.h"; sourceTree = "<group>"; };
		425B32A122C06BC900644CB9 /* XHPayKitConst.h */ = {isa = PBXFileReference; fileEncoding = 4; lastKnownFileType = sourcecode.c.h; path = XHPayKitConst.h; sourceTree = "<group>"; };
		425B32A222C06BC900644CB9 /* XHPayKit.m */ = {isa = PBXFileReference; fileEncoding = 4; lastKnownFileType = sourcecode.c.objc; path = XHPayKit.m; sourceTree = "<group>"; };
		425B32A322C06BC900644CB9 /* README.md */ = {isa = PBXFileReference; fileEncoding = 4; lastKnownFileType = net.daringfireball.markdown; path = README.md; sourceTree = "<group>"; };
		425B32A422C06BC900644CB9 /* NSDictionary+XHPayKit.m */ = {isa = PBXFileReference; fileEncoding = 4; lastKnownFileType = sourcecode.c.objc; path = "NSDictionary+XHPayKit.m"; sourceTree = "<group>"; };
		425B32A522C06BC900644CB9 /* XHPayKitConst.m */ = {isa = PBXFileReference; fileEncoding = 4; lastKnownFileType = sourcecode.c.objc; path = XHPayKitConst.m; sourceTree = "<group>"; };
		425B32A622C06BC900644CB9 /* NSString+XHPayKit.m */ = {isa = PBXFileReference; fileEncoding = 4; lastKnownFileType = sourcecode.c.objc; path = "NSString+XHPayKit.m"; sourceTree = "<group>"; };
		425B32A722C06BC900644CB9 /* XHPayWxReq.h */ = {isa = PBXFileReference; fileEncoding = 4; lastKnownFileType = sourcecode.c.h; path = XHPayWxReq.h; sourceTree = "<group>"; };
		425B32A822C06BC900644CB9 /* XHPayKit.h */ = {isa = PBXFileReference; fileEncoding = 4; lastKnownFileType = sourcecode.c.h; path = XHPayKit.h; sourceTree = "<group>"; };
		425B32AA22C06BC900644CB9 /* MLCompatibleAlert.m */ = {isa = PBXFileReference; fileEncoding = 4; lastKnownFileType = sourcecode.c.objc; path = MLCompatibleAlert.m; sourceTree = "<group>"; };
		425B32AB22C06BC900644CB9 /* MLCompatibleAlert.h */ = {isa = PBXFileReference; fileEncoding = 4; lastKnownFileType = sourcecode.c.h; path = MLCompatibleAlert.h; sourceTree = "<group>"; };
		425B32AC22C06BC900644CB9 /* NSString+Utilitles.h */ = {isa = PBXFileReference; fileEncoding = 4; lastKnownFileType = sourcecode.c.h; path = "NSString+Utilitles.h"; sourceTree = "<group>"; };
		425B32AE22C06BC900644CB9 /* CommonDefineConfig.h */ = {isa = PBXFileReference; fileEncoding = 4; lastKnownFileType = sourcecode.c.h; path = CommonDefineConfig.h; sourceTree = "<group>"; };
		425B32AF22C06BC900644CB9 /* UIConfig.h */ = {isa = PBXFileReference; fileEncoding = 4; lastKnownFileType = sourcecode.c.h; path = UIConfig.h; sourceTree = "<group>"; };
		425B32B022C06BC900644CB9 /* MainTabBarConfig.h */ = {isa = PBXFileReference; fileEncoding = 4; lastKnownFileType = sourcecode.c.h; path = MainTabBarConfig.h; sourceTree = "<group>"; };
		425B32B122C06BC900644CB9 /* ConfigGlobalStyle.m */ = {isa = PBXFileReference; fileEncoding = 4; lastKnownFileType = sourcecode.c.objc; path = ConfigGlobalStyle.m; sourceTree = "<group>"; };
		425B32B222C06BC900644CB9 /* ConfigIQKeyboard.m */ = {isa = PBXFileReference; fileEncoding = 4; lastKnownFileType = sourcecode.c.objc; path = ConfigIQKeyboard.m; sourceTree = "<group>"; };
		425B32B322C06BC900644CB9 /* MainTabBarConfig.m */ = {isa = PBXFileReference; fileEncoding = 4; lastKnownFileType = sourcecode.c.objc; path = MainTabBarConfig.m; sourceTree = "<group>"; };
		425B32B422C06BC900644CB9 /* PrefixHeader.pch */ = {isa = PBXFileReference; fileEncoding = 4; lastKnownFileType = sourcecode.c.h; path = PrefixHeader.pch; sourceTree = "<group>"; };
		425B32B622C06BC900644CB9 /* ConfigIQKeyboard.h */ = {isa = PBXFileReference; fileEncoding = 4; lastKnownFileType = sourcecode.c.h; path = ConfigIQKeyboard.h; sourceTree = "<group>"; };
		425B32B722C06BC900644CB9 /* ConfigGlobalStyle.h */ = {isa = PBXFileReference; fileEncoding = 4; lastKnownFileType = sourcecode.c.h; path = ConfigGlobalStyle.h; sourceTree = "<group>"; };
		425B32E222C06CDF00644CB9 /* MainTabBarController.m */ = {isa = PBXFileReference; fileEncoding = 4; lastKnownFileType = sourcecode.c.objc; path = MainTabBarController.m; sourceTree = "<group>"; };
		425B32E322C06CDF00644CB9 /* MainTabBarController.h */ = {isa = PBXFileReference; fileEncoding = 4; lastKnownFileType = sourcecode.c.h; path = MainTabBarController.h; sourceTree = "<group>"; };
		425B32E822C06D9C00644CB9 /* HomeViewController.h */ = {isa = PBXFileReference; lastKnownFileType = sourcecode.c.h; path = HomeViewController.h; sourceTree = "<group>"; };
		425B32E922C06D9C00644CB9 /* HomeViewController.m */ = {isa = PBXFileReference; lastKnownFileType = sourcecode.c.objc; path = HomeViewController.m; sourceTree = "<group>"; };
		425B32EB22C06DB500644CB9 /* AddressBookViewController.h */ = {isa = PBXFileReference; lastKnownFileType = sourcecode.c.h; path = AddressBookViewController.h; sourceTree = "<group>"; };
		425B32EC22C06DB500644CB9 /* AddressBookViewController.m */ = {isa = PBXFileReference; lastKnownFileType = sourcecode.c.objc; path = AddressBookViewController.m; sourceTree = "<group>"; };
		425B32EE22C06DC500644CB9 /* PersionViewController.h */ = {isa = PBXFileReference; lastKnownFileType = sourcecode.c.h; path = PersionViewController.h; sourceTree = "<group>"; };
		425B32EF22C06DC500644CB9 /* PersionViewController.m */ = {isa = PBXFileReference; lastKnownFileType = sourcecode.c.objc; path = PersionViewController.m; sourceTree = "<group>"; };
		425B32FD22C07C4200644CB9 /* LoginViewController.h */ = {isa = PBXFileReference; lastKnownFileType = sourcecode.c.h; path = LoginViewController.h; sourceTree = "<group>"; };
		425B32FE22C07C4200644CB9 /* LoginViewController.m */ = {isa = PBXFileReference; lastKnownFileType = sourcecode.c.objc; path = LoginViewController.m; sourceTree = "<group>"; };
		425B32FF22C07C4200644CB9 /* LoginViewController.xib */ = {isa = PBXFileReference; lastKnownFileType = file.xib; path = LoginViewController.xib; sourceTree = "<group>"; };
		4263798722BE840A00FC2FFE /* ChatModel.h */ = {isa = PBXFileReference; lastKnownFileType = sourcecode.c.h; path = ChatModel.h; sourceTree = "<group>"; };
		4263798822BE840A00FC2FFE /* ChatModel.m */ = {isa = PBXFileReference; lastKnownFileType = sourcecode.c.objc; path = ChatModel.m; sourceTree = "<group>"; };
		4265BBB422C1A821006A226F /* ForgetPwdViewController.h */ = {isa = PBXFileReference; lastKnownFileType = sourcecode.c.h; path = ForgetPwdViewController.h; sourceTree = "<group>"; };
		4265BBB522C1A821006A226F /* ForgetPwdViewController.m */ = {isa = PBXFileReference; lastKnownFileType = sourcecode.c.objc; path = ForgetPwdViewController.m; sourceTree = "<group>"; };
		4265BBB622C1A821006A226F /* ForgetPwdViewController.xib */ = {isa = PBXFileReference; lastKnownFileType = file.xib; path = ForgetPwdViewController.xib; sourceTree = "<group>"; };
		4265BBB922C1BFB8006A226F /* UpdatePwdViewModel.h */ = {isa = PBXFileReference; lastKnownFileType = sourcecode.c.h; path = UpdatePwdViewModel.h; sourceTree = "<group>"; };
		4265BBBA22C1BFB8006A226F /* UpdatePwdViewModel.m */ = {isa = PBXFileReference; lastKnownFileType = sourcecode.c.objc; path = UpdatePwdViewModel.m; sourceTree = "<group>"; };
		42786AD53668AC5750AED694 /* Pods-IMNetworking.release.xcconfig */ = {isa = PBXFileReference; includeInIndex = 1; lastKnownFileType = text.xcconfig; name = "Pods-IMNetworking.release.xcconfig"; path = "Target Support Files/Pods-IMNetworking/Pods-IMNetworking.release.xcconfig"; sourceTree = "<group>"; };
		42AC7B5422BE1913008C2393 /* ChatVO.h */ = {isa = PBXFileReference; lastKnownFileType = sourcecode.c.h; path = ChatVO.h; sourceTree = "<group>"; };
		42AC7B5522BE1913008C2393 /* ChatVO.m */ = {isa = PBXFileReference; lastKnownFileType = sourcecode.c.objc; path = ChatVO.m; sourceTree = "<group>"; };
		42B6E0D222C10C5A00F387AA /* RegisteViewModel.h */ = {isa = PBXFileReference; lastKnownFileType = sourcecode.c.h; path = RegisteViewModel.h; sourceTree = "<group>"; };
		42B6E0D322C10C5A00F387AA /* RegisteViewModel.m */ = {isa = PBXFileReference; lastKnownFileType = sourcecode.c.objc; path = RegisteViewModel.m; sourceTree = "<group>"; };
		42CE569E22C0ACB800075E98 /* LoginViewModel.h */ = {isa = PBXFileReference; lastKnownFileType = sourcecode.c.h; path = LoginViewModel.h; sourceTree = "<group>"; };
		42CE569F22C0ACB800075E98 /* LoginViewModel.m */ = {isa = PBXFileReference; lastKnownFileType = sourcecode.c.objc; path = LoginViewModel.m; sourceTree = "<group>"; };
		42CE56A422C0B21500075E98 /* RequestManager.m */ = {isa = PBXFileReference; fileEncoding = 4; lastKnownFileType = sourcecode.c.objc; path = RequestManager.m; sourceTree = "<group>"; };
		42CE56A522C0B21500075E98 /* RequestManager.h */ = {isa = PBXFileReference; fileEncoding = 4; lastKnownFileType = sourcecode.c.h; path = RequestManager.h; sourceTree = "<group>"; };
		93134A5022B2AC9500868E39 /* IMNetworking.app */ = {isa = PBXFileReference; explicitFileType = wrapper.application; includeInIndex = 0; path = IMNetworking.app; sourceTree = BUILT_PRODUCTS_DIR; };
		93134A5322B2AC9500868E39 /* AppDelegate.h */ = {isa = PBXFileReference; lastKnownFileType = sourcecode.c.h; path = AppDelegate.h; sourceTree = "<group>"; };
		93134A5422B2AC9500868E39 /* AppDelegate.m */ = {isa = PBXFileReference; lastKnownFileType = sourcecode.c.objc; path = AppDelegate.m; sourceTree = "<group>"; };
		93134A5A22B2AC9500868E39 /* Base */ = {isa = PBXFileReference; lastKnownFileType = file.storyboard; name = Base; path = Base.lproj/Main.storyboard; sourceTree = "<group>"; };
		93134A5C22B2AC9500868E39 /* Assets.xcassets */ = {isa = PBXFileReference; lastKnownFileType = folder.assetcatalog; path = Assets.xcassets; sourceTree = "<group>"; };
		93134A5F22B2AC9500868E39 /* Base */ = {isa = PBXFileReference; lastKnownFileType = file.storyboard; name = Base; path = Base.lproj/LaunchScreen.storyboard; sourceTree = "<group>"; };
		93134A6122B2AC9500868E39 /* Info.plist */ = {isa = PBXFileReference; lastKnownFileType = text.plist.xml; path = Info.plist; sourceTree = "<group>"; };
		93134A6222B2AC9500868E39 /* main.m */ = {isa = PBXFileReference; lastKnownFileType = sourcecode.c.objc; path = main.m; sourceTree = "<group>"; };
		93134A6C22B2AD9300868E39 /* SocketManager.h */ = {isa = PBXFileReference; fileEncoding = 4; lastKnownFileType = sourcecode.c.h; path = SocketManager.h; sourceTree = "<group>"; };
		93134A6D22B2AD9300868E39 /* SocketManager.m */ = {isa = PBXFileReference; fileEncoding = 4; lastKnownFileType = sourcecode.c.objc; path = SocketManager.m; sourceTree = "<group>"; };
		93134A7822B2AD9300868E39 /* UIHeader.h */ = {isa = PBXFileReference; fileEncoding = 4; lastKnownFileType = sourcecode.c.h; path = UIHeader.h; sourceTree = "<group>"; };
		93134A7922B2AD9300868E39 /* RequestHeader.h */ = {isa = PBXFileReference; fileEncoding = 4; lastKnownFileType = sourcecode.c.h; path = RequestHeader.h; sourceTree = "<group>"; };
		93134A7A22B2AD9300868E39 /* FileHeader.h */ = {isa = PBXFileReference; fileEncoding = 4; lastKnownFileType = sourcecode.c.h; path = FileHeader.h; sourceTree = "<group>"; };
		93134A7C22B2AD9300868E39 /* MsgStatuscodepbobjc.m */ = {isa = PBXFileReference; fileEncoding = 4; lastKnownFileType = sourcecode.c.objc; path = MsgStatuscodepbobjc.m; sourceTree = "<group>"; };
		93134A7D22B2AD9300868E39 /* MsgTypingpbobjc.h */ = {isa = PBXFileReference; fileEncoding = 4; lastKnownFileType = sourcecode.c.h; path = MsgTypingpbobjc.h; sourceTree = "<group>"; };
		93134A8022B2AD9300868E39 /* MsgHeartbeatpbobjc.h */ = {isa = PBXFileReference; fileEncoding = 4; lastKnownFileType = sourcecode.c.h; path = MsgHeartbeatpbobjc.h; sourceTree = "<group>"; };
		93134A8122B2AD9300868E39 /* MsgProtobufHeader.h */ = {isa = PBXFileReference; fileEncoding = 4; lastKnownFileType = sourcecode.c.h; path = MsgProtobufHeader.h; sourceTree = "<group>"; };
		93134A8422B2AD9300868E39 /* MsgChatpbobjc.m */ = {isa = PBXFileReference; fileEncoding = 4; lastKnownFileType = sourcecode.c.objc; path = MsgChatpbobjc.m; sourceTree = "<group>"; };
		93134A8522B2AD9300868E39 /* MsgRegistpbobjc.m */ = {isa = PBXFileReference; fileEncoding = 4; lastKnownFileType = sourcecode.c.objc; path = MsgRegistpbobjc.m; sourceTree = "<group>"; };
		93134A8622B2AD9300868E39 /* MsgHeaderpbobjc.m */ = {isa = PBXFileReference; fileEncoding = 4; lastKnownFileType = sourcecode.c.objc; path = MsgHeaderpbobjc.m; sourceTree = "<group>"; };
		93134A8722B2AD9300868E39 /* MsgTypepbobjc.m */ = {isa = PBXFileReference; fileEncoding = 4; lastKnownFileType = sourcecode.c.objc; path = MsgTypepbobjc.m; sourceTree = "<group>"; };
		93134A8922B2AD9300868E39 /* MsgLogoutpbobjc.m */ = {isa = PBXFileReference; fileEncoding = 4; lastKnownFileType = sourcecode.c.objc; path = MsgLogoutpbobjc.m; sourceTree = "<group>"; };
		93134A8A22B2AD9300868E39 /* MsgLoginpbobjc.m */ = {isa = PBXFileReference; fileEncoding = 4; lastKnownFileType = sourcecode.c.objc; path = MsgLoginpbobjc.m; sourceTree = "<group>"; };
		93134A8B22B2AD9300868E39 /* MsgShakepbobjc.h */ = {isa = PBXFileReference; fileEncoding = 4; lastKnownFileType = sourcecode.c.h; path = MsgShakepbobjc.h; sourceTree = "<group>"; };
		93134A8C22B2AD9300868E39 /* MsgHeartbeatpbobjc.m */ = {isa = PBXFileReference; fileEncoding = 4; lastKnownFileType = sourcecode.c.objc; path = MsgHeartbeatpbobjc.m; sourceTree = "<group>"; };
		93134A8D22B2AD9300868E39 /* MsgTypingpbobjc.m */ = {isa = PBXFileReference; fileEncoding = 4; lastKnownFileType = sourcecode.c.objc; path = MsgTypingpbobjc.m; sourceTree = "<group>"; };
		93134A8E22B2AD9300868E39 /* MsgStatuscodepbobjc.h */ = {isa = PBXFileReference; fileEncoding = 4; lastKnownFileType = sourcecode.c.h; path = MsgStatuscodepbobjc.h; sourceTree = "<group>"; };
		93134A9422B2AD9300868E39 /* MsgShakepbobjc.m */ = {isa = PBXFileReference; fileEncoding = 4; lastKnownFileType = sourcecode.c.objc; path = MsgShakepbobjc.m; sourceTree = "<group>"; };
		93134A9522B2AD9300868E39 /* MsgLoginpbobjc.h */ = {isa = PBXFileReference; fileEncoding = 4; lastKnownFileType = sourcecode.c.h; path = MsgLoginpbobjc.h; sourceTree = "<group>"; };
		93134A9622B2AD9300868E39 /* MsgLogoutpbobjc.h */ = {isa = PBXFileReference; fileEncoding = 4; lastKnownFileType = sourcecode.c.h; path = MsgLogoutpbobjc.h; sourceTree = "<group>"; };
		93134A9722B2AD9300868E39 /* MsgTypepbobjc.h */ = {isa = PBXFileReference; fileEncoding = 4; lastKnownFileType = sourcecode.c.h; path = MsgTypepbobjc.h; sourceTree = "<group>"; };
		93134A9922B2AD9300868E39 /* MsgHeaderpbobjc.h */ = {isa = PBXFileReference; fileEncoding = 4; lastKnownFileType = sourcecode.c.h; path = MsgHeaderpbobjc.h; sourceTree = "<group>"; };
		93134A9A22B2AD9300868E39 /* MsgChatpbobjc.h */ = {isa = PBXFileReference; fileEncoding = 4; lastKnownFileType = sourcecode.c.h; path = MsgChatpbobjc.h; sourceTree = "<group>"; };
		93134A9B22B2AD9300868E39 /* MsgRegistpbobjc.h */ = {isa = PBXFileReference; fileEncoding = 4; lastKnownFileType = sourcecode.c.h; path = MsgRegistpbobjc.h; sourceTree = "<group>"; };
		938A5D0922B5539900C010C4 /* TimeUtilities.h */ = {isa = PBXFileReference; lastKnownFileType = sourcecode.c.h; path = TimeUtilities.h; sourceTree = "<group>"; };
		938A5D0A22B5539900C010C4 /* TimeUtilities.m */ = {isa = PBXFileReference; lastKnownFileType = sourcecode.c.objc; path = TimeUtilities.m; sourceTree = "<group>"; };
		938A5D0C22B5543600C010C4 /* UtilitiesHeader.h */ = {isa = PBXFileReference; lastKnownFileType = sourcecode.c.h; path = UtilitiesHeader.h; sourceTree = "<group>"; };
		93BF0B0622B3871600B2E6F2 /* MessageModel.h */ = {isa = PBXFileReference; lastKnownFileType = sourcecode.c.h; path = MessageModel.h; sourceTree = "<group>"; };
		93BF0B0722B3871600B2E6F2 /* MessageModel.m */ = {isa = PBXFileReference; lastKnownFileType = sourcecode.c.objc; path = MessageModel.m; sourceTree = "<group>"; };
		93BF0B0C22B39F6E00B2E6F2 /* SendMessage.h */ = {isa = PBXFileReference; lastKnownFileType = sourcecode.c.h; path = SendMessage.h; sourceTree = "<group>"; };
		93BF0B0D22B39F6E00B2E6F2 /* SendMessage.m */ = {isa = PBXFileReference; lastKnownFileType = sourcecode.c.objc; path = SendMessage.m; sourceTree = "<group>"; };
		93BF0B0F22B39FD500B2E6F2 /* BuilderMessage.h */ = {isa = PBXFileReference; lastKnownFileType = sourcecode.c.h; path = BuilderMessage.h; sourceTree = "<group>"; };
		93BF0B1022B39FD500B2E6F2 /* BuilderMessage.m */ = {isa = PBXFileReference; lastKnownFileType = sourcecode.c.objc; path = BuilderMessage.m; sourceTree = "<group>"; };
		93C1149E22B8E29B00D95C15 /* MsgHandshakepbobjc.h */ = {isa = PBXFileReference; fileEncoding = 4; lastKnownFileType = sourcecode.c.h; path = MsgHandshakepbobjc.h; sourceTree = "<group>"; };
		93C1149F22B8E29B00D95C15 /* MsgHandshakepbobjc.m */ = {isa = PBXFileReference; fileEncoding = 4; lastKnownFileType = sourcecode.c.objc; path = MsgHandshakepbobjc.m; sourceTree = "<group>"; };
		93CAB0D922B3ACB200289E7E /* MessageProtoBuf.h */ = {isa = PBXFileReference; lastKnownFileType = sourcecode.c.h; path = MessageProtoBuf.h; sourceTree = "<group>"; };
		93CAB0DA22B3ACB200289E7E /* MessageProtoBuf.m */ = {isa = PBXFileReference; lastKnownFileType = sourcecode.c.objc; path = MessageProtoBuf.m; sourceTree = "<group>"; };
		93D3E8D722B34D1C00CEB56C /* MessageHeader.h */ = {isa = PBXFileReference; lastKnownFileType = sourcecode.c.h; path = MessageHeader.h; sourceTree = "<group>"; };
		93DAD54D22B55B54006FBBE3 /* LinkService.h */ = {isa = PBXFileReference; lastKnownFileType = sourcecode.c.h; path = LinkService.h; sourceTree = "<group>"; };
		93DAD54E22B55B54006FBBE3 /* LinkService.m */ = {isa = PBXFileReference; lastKnownFileType = sourcecode.c.objc; path = LinkService.m; sourceTree = "<group>"; };
		93DAD55022B55D0E006FBBE3 /* PacketService.h */ = {isa = PBXFileReference; lastKnownFileType = sourcecode.c.h; path = PacketService.h; sourceTree = "<group>"; };
		93DAD55122B55D0E006FBBE3 /* PacketService.m */ = {isa = PBXFileReference; lastKnownFileType = sourcecode.c.objc; path = PacketService.m; sourceTree = "<group>"; };
		93DAD55422B5DE92006FBBE3 /* AnalysisMessage.h */ = {isa = PBXFileReference; lastKnownFileType = sourcecode.c.h; path = AnalysisMessage.h; sourceTree = "<group>"; };
		93DAD55522B5DE92006FBBE3 /* AnalysisMessage.m */ = {isa = PBXFileReference; lastKnownFileType = sourcecode.c.objc; path = AnalysisMessage.m; sourceTree = "<group>"; };
		93DAD55722B5FEE9006FBBE3 /* ReceiveMessage.h */ = {isa = PBXFileReference; lastKnownFileType = sourcecode.c.h; path = ReceiveMessage.h; sourceTree = "<group>"; };
		93DAD55822B5FEE9006FBBE3 /* ReceiveMessage.m */ = {isa = PBXFileReference; lastKnownFileType = sourcecode.c.objc; path = ReceiveMessage.m; sourceTree = "<group>"; };
		93E6B64822B60669004C0F39 /* HandleMsgHeader.h */ = {isa = PBXFileReference; lastKnownFileType = sourcecode.c.h; path = HandleMsgHeader.h; sourceTree = "<group>"; };
		9AEC9101EBE22881DF8470AC /* Pods-IMNetworking.debug.xcconfig */ = {isa = PBXFileReference; includeInIndex = 1; lastKnownFileType = text.xcconfig; name = "Pods-IMNetworking.debug.xcconfig"; path = "Target Support Files/Pods-IMNetworking/Pods-IMNetworking.debug.xcconfig"; sourceTree = "<group>"; };
		AAEFDFC7F9D8FE673D63886D /* Pods_IMNetworking.framework */ = {isa = PBXFileReference; explicitFileType = wrapper.framework; includeInIndex = 0; path = Pods_IMNetworking.framework; sourceTree = BUILT_PRODUCTS_DIR; };
/* End PBXFileReference section */

/* Begin PBXFrameworksBuildPhase section */
		93134A4D22B2AC9500868E39 /* Frameworks */ = {
			isa = PBXFrameworksBuildPhase;
			buildActionMask = 2147483647;
			files = (
				05C62D694901E75758854418 /* Pods_IMNetworking.framework in Frameworks */,
			);
			runOnlyForDeploymentPostprocessing = 0;
		};
/* End PBXFrameworksBuildPhase section */

/* Begin PBXGroup section */
		3D6690EFC21C948BE9B06E0C /* Frameworks */ = {
			isa = PBXGroup;
			children = (
				AAEFDFC7F9D8FE673D63886D /* Pods_IMNetworking.framework */,
			);
			name = Frameworks;
			sourceTree = "<group>";
		};
		42446D2222C0B4DD00A6591C /* Utilitles */ = {
			isa = PBXGroup;
			children = (
				425B32AC22C06BC900644CB9 /* NSString+Utilitles.h */,
				425B325922C06BC900644CB9 /* NSString+Utilitles.m */,
				42446D2322C0B4F900A6591C /* Utilitles.h */,
				42446D2422C0B4F900A6591C /* Utilitles.m */,
			);
			path = Utilitles;
			sourceTree = "<group>";
		};
		425B324A22C06B7700644CB9 /* AppDelegate */ = {
			isa = PBXGroup;
			children = (
				425B32E122C06CDF00644CB9 /* MainTabbar */,
				93134A5322B2AC9500868E39 /* AppDelegate.h */,
				93134A5422B2AC9500868E39 /* AppDelegate.m */,
			);
			path = AppDelegate;
			sourceTree = "<group>";
		};
		425B324F22C06BC900644CB9 /* Tools */ = {
			isa = PBXGroup;
			children = (
				42446D2222C0B4DD00A6591C /* Utilitles */,
				425B329822C06BC900644CB9 /* Request */,
				93134A6922B2AD9300868E39 /* IMSDK */,
				425B326B22C06BC900644CB9 /* AudioRecord */,
				425B325D22C06BC900644CB9 /* BaseViewController */,
				425B326822C06BC900644CB9 /* CurrentViewController */,
				425B328622C06BC900644CB9 /* ImageSelected */,
				425B325022C06BC900644CB9 /* ProgressHUD */,
				425B328B22C06BC900644CB9 /* GuideViewController */,
				425B32A922C06BC900644CB9 /* MLCompatibleAlert */,
				425B329322C06BC900644CB9 /* UserInfo */,
				425B329D22C06BC900644CB9 /* XHPayKit */,
				425B325A22C06BC900644CB9 /* XJToast */,
			);
			path = Tools;
			sourceTree = "<group>";
		};
		425B325022C06BC900644CB9 /* ProgressHUD */ = {
			isa = PBXGroup;
			children = (
				425B325222C06BC900644CB9 /* SVProgressHUD+DPHProgressHUD.h */,
				425B325122C06BC900644CB9 /* SVProgressHUD+DPHProgressHUD.m */,
			);
			path = ProgressHUD;
			sourceTree = "<group>";
		};
		425B325A22C06BC900644CB9 /* XJToast */ = {
			isa = PBXGroup;
			children = (
				425B325B22C06BC900644CB9 /* UIView+XJToast.h */,
				425B325C22C06BC900644CB9 /* UIView+XJToast.m */,
			);
			path = XJToast;
			sourceTree = "<group>";
		};
		425B325D22C06BC900644CB9 /* BaseViewController */ = {
			isa = PBXGroup;
			children = (
				425B326322C06BC900644CB9 /* BaseCollectionViewController.h */,
				425B326622C06BC900644CB9 /* BaseCollectionViewController.m */,
				425B326522C06BC900644CB9 /* BaseViewController.h */,
				425B325F22C06BC900644CB9 /* BaseViewController.m */,
				425B326022C06BC900644CB9 /* layout */,
				425B325E22C06BC900644CB9 /* ShopClassCollectionViewCell.h */,
				425B326422C06BC900644CB9 /* ShopClassCollectionViewCell.m */,
				425B326722C06BC900644CB9 /* ShopClassCollectionViewCell.xib */,
			);
			path = BaseViewController;
			sourceTree = "<group>";
		};
		425B326022C06BC900644CB9 /* layout */ = {
			isa = PBXGroup;
			children = (
				425B326122C06BC900644CB9 /* UICollectionViewFlowLayout+Add.m */,
				425B326222C06BC900644CB9 /* UICollectionViewFlowLayout+Add.h */,
			);
			path = layout;
			sourceTree = "<group>";
		};
		425B326822C06BC900644CB9 /* CurrentViewController */ = {
			isa = PBXGroup;
			children = (
				425B326922C06BC900644CB9 /* CurrentController.h */,
				425B326A22C06BC900644CB9 /* CurrentController.m */,
			);
			path = CurrentViewController;
			sourceTree = "<group>";
		};
		425B326B22C06BC900644CB9 /* AudioRecord */ = {
			isa = PBXGroup;
			children = (
				425B326E22C06BC900644CB9 /* AudioRecord.h */,
				425B327222C06BC900644CB9 /* AudioRecord.m */,
				425B326C22C06BC900644CB9 /* PlayRecord.h */,
				425B326F22C06BC900644CB9 /* PlayRecord.m */,
				425B327322C06BC900644CB9 /* RecordViewController.h */,
				425B326D22C06BC900644CB9 /* RecordViewController.m */,
				425B327022C06BC900644CB9 /* RecordViewController.xib */,
				425B327122C06BC900644CB9 /* sample.aac */,
			);
			path = AudioRecord;
			sourceTree = "<group>";
		};
		425B328622C06BC900644CB9 /* ImageSelected */ = {
			isa = PBXGroup;
			children = (
				425B328922C06BC900644CB9 /* DPHSelectImageVC.h */,
				425B328722C06BC900644CB9 /* DPHSelectImageVC.m */,
				425B328822C06BC900644CB9 /* UIImage+FixOrientation.h */,
				425B328A22C06BC900644CB9 /* UIImage+FixOrientation.m */,
			);
			path = ImageSelected;
			sourceTree = "<group>";
		};
		425B328B22C06BC900644CB9 /* GuideViewController */ = {
			isa = PBXGroup;
			children = (
				425B328E22C06BC900644CB9 /* ELCVFlowLayout.h */,
				425B329122C06BC900644CB9 /* ELCVFlowLayout.m */,
				425B329222C06BC900644CB9 /* GuideCollectionViewCell.h */,
				425B328D22C06BC900644CB9 /* GuideCollectionViewCell.m */,
				425B328F22C06BC900644CB9 /* GuideCollectionViewCell.xib */,
				425B328C22C06BC900644CB9 /* GuideViewController.h */,
				425B329022C06BC900644CB9 /* GuideViewController.m */,
			);
			path = GuideViewController;
			sourceTree = "<group>";
		};
		425B329322C06BC900644CB9 /* UserInfo */ = {
			isa = PBXGroup;
			children = (
				425B329622C06BC900644CB9 /* CacheUserInfo.h */,
				425B329422C06BC900644CB9 /* CacheUserInfo.m */,
				42446D2922C0C7FC00A6591C /* LoginModel.h */,
				42446D2A22C0C7FC00A6591C /* LoginModel.m */,
				425B329722C06BC900644CB9 /* UserModel.h */,
				425B329522C06BC900644CB9 /* UserModel.m */,
			);
			path = UserInfo;
			sourceTree = "<group>";
		};
		425B329822C06BC900644CB9 /* Request */ = {
			isa = PBXGroup;
			children = (
				425B329B22C06BC900644CB9 /* Common.h */,
				425B329A22C06BC900644CB9 /* URLHeader.h */,
				425B329922C06BC900644CB9 /* ServiceApi.h */,
				425B329C22C06BC900644CB9 /* ServiceApi.m */,
				42CE56A522C0B21500075E98 /* RequestManager.h */,
				42CE56A422C0B21500075E98 /* RequestManager.m */,
			);
			path = Request;
			sourceTree = "<group>";
		};
		425B329D22C06BC900644CB9 /* XHPayKit */ = {
			isa = PBXGroup;
			children = (
				425B329E22C06BC900644CB9 /* NSDictionary+XHPayKit.h */,
				425B32A422C06BC900644CB9 /* NSDictionary+XHPayKit.m */,
				425B32A022C06BC900644CB9 /* NSString+XHPayKit.h */,
				425B32A622C06BC900644CB9 /* NSString+XHPayKit.m */,
				425B32A322C06BC900644CB9 /* README.md */,
				425B32A822C06BC900644CB9 /* XHPayKit.h */,
				425B32A222C06BC900644CB9 /* XHPayKit.m */,
				425B32A122C06BC900644CB9 /* XHPayKitConst.h */,
				425B32A522C06BC900644CB9 /* XHPayKitConst.m */,
				425B32A722C06BC900644CB9 /* XHPayWxReq.h */,
				425B329F22C06BC900644CB9 /* XHPayWxReq.m */,
			);
			path = XHPayKit;
			sourceTree = "<group>";
		};
		425B32A922C06BC900644CB9 /* MLCompatibleAlert */ = {
			isa = PBXGroup;
			children = (
				425B32AA22C06BC900644CB9 /* MLCompatibleAlert.m */,
				425B32AB22C06BC900644CB9 /* MLCompatibleAlert.h */,
			);
			path = MLCompatibleAlert;
			sourceTree = "<group>";
		};
		425B32AD22C06BC900644CB9 /* Config */ = {
			isa = PBXGroup;
			children = (
				425B32AE22C06BC900644CB9 /* CommonDefineConfig.h */,
				425B32B722C06BC900644CB9 /* ConfigGlobalStyle.h */,
				425B32B122C06BC900644CB9 /* ConfigGlobalStyle.m */,
				425B32B622C06BC900644CB9 /* ConfigIQKeyboard.h */,
				425B32B222C06BC900644CB9 /* ConfigIQKeyboard.m */,
				425B32B022C06BC900644CB9 /* MainTabBarConfig.h */,
				425B32B322C06BC900644CB9 /* MainTabBarConfig.m */,
				425B32B422C06BC900644CB9 /* PrefixHeader.pch */,
				425B32AF22C06BC900644CB9 /* UIConfig.h */,
			);
			path = Config;
			sourceTree = "<group>";
		};
		425B32E122C06CDF00644CB9 /* MainTabbar */ = {
			isa = PBXGroup;
			children = (
				425B32E322C06CDF00644CB9 /* MainTabBarController.h */,
				425B32E222C06CDF00644CB9 /* MainTabBarController.m */,
			);
			path = MainTabbar;
			sourceTree = "<group>";
		};
		425B32E522C06CF700644CB9 /* Home */ = {
			isa = PBXGroup;
			children = (
				425B32E822C06D9C00644CB9 /* HomeViewController.h */,
				425B32E922C06D9C00644CB9 /* HomeViewController.m */,
				425B32F122C06FB900644CB9 /* View */,
				425B32F222C06FC800644CB9 /* ViewModel */,
				425B32F322C06FE200644CB9 /* Model */,
			);
			path = Home;
			sourceTree = "<group>";
		};
		425B32E622C06D3B00644CB9 /* AddressBook */ = {
			isa = PBXGroup;
			children = (
				425B32EB22C06DB500644CB9 /* AddressBookViewController.h */,
				425B32EC22C06DB500644CB9 /* AddressBookViewController.m */,
				425B32F522C0702400644CB9 /* View */,
				425B32F622C0702400644CB9 /* ViewModel */,
				425B32F422C0702400644CB9 /* Model */,
			);
			path = AddressBook;
			sourceTree = "<group>";
		};
		425B32E722C06D4900644CB9 /* Persion */ = {
			isa = PBXGroup;
			children = (
				425B32EE22C06DC500644CB9 /* PersionViewController.h */,
				425B32EF22C06DC500644CB9 /* PersionViewController.m */,
				425B32F722C0703400644CB9 /* View */,
				425B32F922C0703400644CB9 /* ViewModel */,
				425B32F822C0703400644CB9 /* Model */,
			);
			path = Persion;
			sourceTree = "<group>";
		};
		425B32F122C06FB900644CB9 /* View */ = {
			isa = PBXGroup;
			children = (
			);
			path = View;
			sourceTree = "<group>";
		};
		425B32F222C06FC800644CB9 /* ViewModel */ = {
			isa = PBXGroup;
			children = (
			);
			path = ViewModel;
			sourceTree = "<group>";
		};
		425B32F322C06FE200644CB9 /* Model */ = {
			isa = PBXGroup;
			children = (
			);
			path = Model;
			sourceTree = "<group>";
		};
		425B32F422C0702400644CB9 /* Model */ = {
			isa = PBXGroup;
			children = (
			);
			path = Model;
			sourceTree = "<group>";
		};
		425B32F522C0702400644CB9 /* View */ = {
			isa = PBXGroup;
			children = (
			);
			path = View;
			sourceTree = "<group>";
		};
		425B32F622C0702400644CB9 /* ViewModel */ = {
			isa = PBXGroup;
			children = (
			);
			path = ViewModel;
			sourceTree = "<group>";
		};
		425B32F722C0703400644CB9 /* View */ = {
			isa = PBXGroup;
			children = (
			);
			path = View;
			sourceTree = "<group>";
		};
		425B32F822C0703400644CB9 /* Model */ = {
			isa = PBXGroup;
			children = (
			);
			path = Model;
			sourceTree = "<group>";
		};
		425B32F922C0703400644CB9 /* ViewModel */ = {
			isa = PBXGroup;
			children = (
			);
			path = ViewModel;
			sourceTree = "<group>";
		};
		425B32FA22C0703F00644CB9 /* ViewModel */ = {
			isa = PBXGroup;
			children = (
				42CE569E22C0ACB800075E98 /* LoginViewModel.h */,
				42CE569F22C0ACB800075E98 /* LoginViewModel.m */,
				42B6E0D222C10C5A00F387AA /* RegisteViewModel.h */,
				42B6E0D322C10C5A00F387AA /* RegisteViewModel.m */,
				4265BBB922C1BFB8006A226F /* UpdatePwdViewModel.h */,
				4265BBBA22C1BFB8006A226F /* UpdatePwdViewModel.m */,
			);
			path = ViewModel;
			sourceTree = "<group>";
		};
		425B32FB22C0703F00644CB9 /* View */ = {
			isa = PBXGroup;
			children = (
			);
			path = View;
			sourceTree = "<group>";
		};
		425B32FC22C0703F00644CB9 /* Model */ = {
			isa = PBXGroup;
			children = (
			);
			path = Model;
			sourceTree = "<group>";
		};
		4292F29522C0620600CF20FA /* Controller */ = {
			isa = PBXGroup;
			children = (
				425B32E522C06CF700644CB9 /* Home */,
				425B32E622C06D3B00644CB9 /* AddressBook */,
				425B32E722C06D4900644CB9 /* Persion */,
				4292F29622C06AD300CF20FA /* ID */,
			);
			path = Controller;
			sourceTree = "<group>";
		};
		4292F29622C06AD300CF20FA /* ID */ = {
			isa = PBXGroup;
			children = (
				425B32FB22C0703F00644CB9 /* View */,
				425B32FA22C0703F00644CB9 /* ViewModel */,
				425B32FC22C0703F00644CB9 /* Model */,
				425B32FD22C07C4200644CB9 /* LoginViewController.h */,
				425B32FE22C07C4200644CB9 /* LoginViewController.m */,
				425B32FF22C07C4200644CB9 /* LoginViewController.xib */,
				42446D2C22C0D95700A6591C /* RegisteredViewController.h */,
				42446D2D22C0D95700A6591C /* RegisteredViewController.m */,
				42446D2E22C0D95700A6591C /* RegisteredViewController.xib */,
				4265BBB422C1A821006A226F /* ForgetPwdViewController.h */,
				4265BBB522C1A821006A226F /* ForgetPwdViewController.m */,
				4265BBB622C1A821006A226F /* ForgetPwdViewController.xib */,
			);
			path = ID;
			sourceTree = "<group>";
		};
		42AC7B5222BE181A008C2393 /* DataBase */ = {
			isa = PBXGroup;
			children = (
				42AC7B5422BE1913008C2393 /* ChatVO.h */,
				42AC7B5522BE1913008C2393 /* ChatVO.m */,
				4263798722BE840A00FC2FFE /* ChatModel.h */,
				4263798822BE840A00FC2FFE /* ChatModel.m */,
			);
			path = DataBase;
			sourceTree = "<group>";
		};
		42AC7B5322BE1824008C2393 /* Time */ = {
			isa = PBXGroup;
			children = (
				938A5D0922B5539900C010C4 /* TimeUtilities.h */,
				938A5D0A22B5539900C010C4 /* TimeUtilities.m */,
			);
			path = Time;
			sourceTree = "<group>";
		};
		93134A4722B2AC9500868E39 = {
			isa = PBXGroup;
			children = (
				93134A5222B2AC9500868E39 /* IMNetworking */,
				93134A5122B2AC9500868E39 /* Products */,
				9AA6363AF7AC92251C21B76D /* Pods */,
				3D6690EFC21C948BE9B06E0C /* Frameworks */,
			);
			sourceTree = "<group>";
		};
		93134A5122B2AC9500868E39 /* Products */ = {
			isa = PBXGroup;
			children = (
				93134A5022B2AC9500868E39 /* IMNetworking.app */,
			);
			name = Products;
			sourceTree = "<group>";
		};
		93134A5222B2AC9500868E39 /* IMNetworking */ = {
			isa = PBXGroup;
			children = (
				4292F29522C0620600CF20FA /* Controller */,
				425B32AD22C06BC900644CB9 /* Config */,
				425B324F22C06BC900644CB9 /* Tools */,
				425B324A22C06B7700644CB9 /* AppDelegate */,
				93134A5922B2AC9500868E39 /* Main.storyboard */,
				93134A5C22B2AC9500868E39 /* Assets.xcassets */,
				93134A5E22B2AC9500868E39 /* LaunchScreen.storyboard */,
				93134A6122B2AC9500868E39 /* Info.plist */,
				93134A6222B2AC9500868E39 /* main.m */,
			);
			path = IMNetworking;
			sourceTree = "<group>";
		};
		93134A6922B2AD9300868E39 /* IMSDK */ = {
			isa = PBXGroup;
			children = (
				938A5D0822B5530900C010C4 /* Utilities */,
				93134A6E22B2AD9300868E39 /* MessageManager */,
				939DA23522B34213004968E6 /* MessageService */,
				93134A7622B2AD9300868E39 /* Config */,
			);
			path = IMSDK;
			sourceTree = "<group>";
		};
		93134A6B22B2AD9300868E39 /* SocketManager */ = {
			isa = PBXGroup;
			children = (
				93134A6C22B2AD9300868E39 /* SocketManager.h */,
				93134A6D22B2AD9300868E39 /* SocketManager.m */,
			);
			path = SocketManager;
			sourceTree = "<group>";
		};
		93134A6E22B2AD9300868E39 /* MessageManager */ = {
			isa = PBXGroup;
			children = (
				93D3E8D722B34D1C00CEB56C /* MessageHeader.h */,
				93BF0B0C22B39F6E00B2E6F2 /* SendMessage.h */,
				93BF0B0D22B39F6E00B2E6F2 /* SendMessage.m */,
				93DAD55722B5FEE9006FBBE3 /* ReceiveMessage.h */,
				93DAD55822B5FEE9006FBBE3 /* ReceiveMessage.m */,
				93DAD55322B57655006FBBE3 /* HandleMessage */,
			);
			path = MessageManager;
			sourceTree = "<group>";
		};
		93134A7622B2AD9300868E39 /* Config */ = {
			isa = PBXGroup;
			children = (
				93134A7722B2AD9300868E39 /* PrefixHeader */,
			);
			path = Config;
			sourceTree = "<group>";
		};
		93134A7722B2AD9300868E39 /* PrefixHeader */ = {
			isa = PBXGroup;
			children = (
				93134A7822B2AD9300868E39 /* UIHeader.h */,
				93134A7922B2AD9300868E39 /* RequestHeader.h */,
				93134A7A22B2AD9300868E39 /* FileHeader.h */,
			);
			path = PrefixHeader;
			sourceTree = "<group>";
		};
		93134A7B22B2AD9300868E39 /* Protobuf */ = {
			isa = PBXGroup;
			children = (
				93134A8122B2AD9300868E39 /* MsgProtobufHeader.h */,
				93C1149E22B8E29B00D95C15 /* MsgHandshakepbobjc.h */,
				93C1149F22B8E29B00D95C15 /* MsgHandshakepbobjc.m */,
				93134A9A22B2AD9300868E39 /* MsgChatpbobjc.h */,
				93134A8422B2AD9300868E39 /* MsgChatpbobjc.m */,
				93134A9922B2AD9300868E39 /* MsgHeaderpbobjc.h */,
				93134A8622B2AD9300868E39 /* MsgHeaderpbobjc.m */,
				93134A8022B2AD9300868E39 /* MsgHeartbeatpbobjc.h */,
				93134A8C22B2AD9300868E39 /* MsgHeartbeatpbobjc.m */,
				93134A9522B2AD9300868E39 /* MsgLoginpbobjc.h */,
				93134A8A22B2AD9300868E39 /* MsgLoginpbobjc.m */,
				93134A9622B2AD9300868E39 /* MsgLogoutpbobjc.h */,
				93134A8922B2AD9300868E39 /* MsgLogoutpbobjc.m */,
				93134A9B22B2AD9300868E39 /* MsgRegistpbobjc.h */,
				93134A8522B2AD9300868E39 /* MsgRegistpbobjc.m */,
				93134A8B22B2AD9300868E39 /* MsgShakepbobjc.h */,
				93134A9422B2AD9300868E39 /* MsgShakepbobjc.m */,
				93134A8E22B2AD9300868E39 /* MsgStatuscodepbobjc.h */,
				93134A7C22B2AD9300868E39 /* MsgStatuscodepbobjc.m */,
				93134A9722B2AD9300868E39 /* MsgTypepbobjc.h */,
				93134A8722B2AD9300868E39 /* MsgTypepbobjc.m */,
				93134A7D22B2AD9300868E39 /* MsgTypingpbobjc.h */,
				93134A8D22B2AD9300868E39 /* MsgTypingpbobjc.m */,
			);
			path = Protobuf;
			sourceTree = "<group>";
		};
		938A5D0822B5530900C010C4 /* Utilities */ = {
			isa = PBXGroup;
			children = (
				938A5D0C22B5543600C010C4 /* UtilitiesHeader.h */,
				42AC7B5322BE1824008C2393 /* Time */,
				42AC7B5222BE181A008C2393 /* DataBase */,
			);
			path = Utilities;
			sourceTree = "<group>";
		};
		939DA23422B34123004968E6 /* Service */ = {
			isa = PBXGroup;
			children = (
				93134A6B22B2AD9300868E39 /* SocketManager */,
				93DAD54D22B55B54006FBBE3 /* LinkService.h */,
				93DAD54E22B55B54006FBBE3 /* LinkService.m */,
				93DAD55022B55D0E006FBBE3 /* PacketService.h */,
				93DAD55122B55D0E006FBBE3 /* PacketService.m */,
			);
			path = Service;
			sourceTree = "<group>";
		};
		939DA23522B34213004968E6 /* MessageService */ = {
			isa = PBXGroup;
			children = (
				939DA23422B34123004968E6 /* Service */,
			);
			path = MessageService;
			sourceTree = "<group>";
		};
		93DAD55322B57655006FBBE3 /* HandleMessage */ = {
			isa = PBXGroup;
			children = (
				93E6B64822B60669004C0F39 /* HandleMsgHeader.h */,
				93134A7B22B2AD9300868E39 /* Protobuf */,
				93BF0B0F22B39FD500B2E6F2 /* BuilderMessage.h */,
				93BF0B1022B39FD500B2E6F2 /* BuilderMessage.m */,
				93CAB0D922B3ACB200289E7E /* MessageProtoBuf.h */,
				93CAB0DA22B3ACB200289E7E /* MessageProtoBuf.m */,
				93DAD55422B5DE92006FBBE3 /* AnalysisMessage.h */,
				93DAD55522B5DE92006FBBE3 /* AnalysisMessage.m */,
				93BF0B0622B3871600B2E6F2 /* MessageModel.h */,
				93BF0B0722B3871600B2E6F2 /* MessageModel.m */,
			);
			path = HandleMessage;
			sourceTree = "<group>";
		};
		9AA6363AF7AC92251C21B76D /* Pods */ = {
			isa = PBXGroup;
			children = (
				9AEC9101EBE22881DF8470AC /* Pods-IMNetworking.debug.xcconfig */,
				42786AD53668AC5750AED694 /* Pods-IMNetworking.release.xcconfig */,
			);
			path = Pods;
			sourceTree = "<group>";
		};
/* End PBXGroup section */

/* Begin PBXNativeTarget section */
		93134A4F22B2AC9500868E39 /* IMNetworking */ = {
			isa = PBXNativeTarget;
			buildConfigurationList = 93134A6622B2AC9500868E39 /* Build configuration list for PBXNativeTarget "IMNetworking" */;
			buildPhases = (
				5DE9E0B7B3476BA57B9E8267 /* [CP] Check Pods Manifest.lock */,
				93134A4C22B2AC9500868E39 /* Sources */,
				93134A4D22B2AC9500868E39 /* Frameworks */,
				93134A4E22B2AC9500868E39 /* Resources */,
				5F4016903511284341F701A3 /* [CP] Embed Pods Frameworks */,
			);
			buildRules = (
			);
			dependencies = (
			);
			name = IMNetworking;
			productName = IMNetworking;
			productReference = 93134A5022B2AC9500868E39 /* IMNetworking.app */;
			productType = "com.apple.product-type.application";
		};
/* End PBXNativeTarget section */

/* Begin PBXProject section */
		93134A4822B2AC9500868E39 /* Project object */ = {
			isa = PBXProject;
			attributes = {
				LastUpgradeCheck = 1020;
				ORGANIZATIONNAME = ouwen;
				TargetAttributes = {
					93134A4F22B2AC9500868E39 = {
						CreatedOnToolsVersion = 10.2.1;
					};
				};
			};
			buildConfigurationList = 93134A4B22B2AC9500868E39 /* Build configuration list for PBXProject "IMNetworking" */;
			compatibilityVersion = "Xcode 9.3";
			developmentRegion = en;
			hasScannedForEncodings = 0;
			knownRegions = (
				en,
				Base,
			);
			mainGroup = 93134A4722B2AC9500868E39;
			productRefGroup = 93134A5122B2AC9500868E39 /* Products */;
			projectDirPath = "";
			projectRoot = "";
			targets = (
				93134A4F22B2AC9500868E39 /* IMNetworking */,
			);
		};
/* End PBXProject section */

/* Begin PBXResourcesBuildPhase section */
		93134A4E22B2AC9500868E39 /* Resources */ = {
			isa = PBXResourcesBuildPhase;
			buildActionMask = 2147483647;
			files = (
				425B330122C07C4200644CB9 /* LoginViewController.xib in Resources */,
				425B32D122C06BC900644CB9 /* GuideCollectionViewCell.xib in Resources */,
				93134A6022B2AC9500868E39 /* LaunchScreen.storyboard in Resources */,
				93134A5D22B2AC9500868E39 /* Assets.xcassets in Resources */,
				4265BBB822C1A821006A226F /* ForgetPwdViewController.xib in Resources */,
				425B32C822C06BC900644CB9 /* sample.aac in Resources */,
				93134A5B22B2AC9500868E39 /* Main.storyboard in Resources */,
				42446D3022C0D95700A6591C /* RegisteredViewController.xib in Resources */,
				425B32D922C06BC900644CB9 /* README.md in Resources */,
				425B32C322C06BC900644CB9 /* ShopClassCollectionViewCell.xib in Resources */,
				425B32C722C06BC900644CB9 /* RecordViewController.xib in Resources */,
			);
			runOnlyForDeploymentPostprocessing = 0;
		};
/* End PBXResourcesBuildPhase section */

/* Begin PBXShellScriptBuildPhase section */
		5DE9E0B7B3476BA57B9E8267 /* [CP] Check Pods Manifest.lock */ = {
			isa = PBXShellScriptBuildPhase;
			buildActionMask = 2147483647;
			files = (
			);
			inputFileListPaths = (
			);
			inputPaths = (
				"${PODS_PODFILE_DIR_PATH}/Podfile.lock",
				"${PODS_ROOT}/Manifest.lock",
			);
			name = "[CP] Check Pods Manifest.lock";
			outputFileListPaths = (
			);
			outputPaths = (
				"$(DERIVED_FILE_DIR)/Pods-IMNetworking-checkManifestLockResult.txt",
			);
			runOnlyForDeploymentPostprocessing = 0;
			shellPath = /bin/sh;
			shellScript = "diff \"${PODS_PODFILE_DIR_PATH}/Podfile.lock\" \"${PODS_ROOT}/Manifest.lock\" > /dev/null\nif [ $? != 0 ] ; then\n    # print error to STDERR\n    echo \"error: The sandbox is not in sync with the Podfile.lock. Run 'pod install' or update your CocoaPods installation.\" >&2\n    exit 1\nfi\n# This output is used by Xcode 'outputs' to avoid re-running this script phase.\necho \"SUCCESS\" > \"${SCRIPT_OUTPUT_FILE_0}\"\n";
			showEnvVarsInLog = 0;
		};
		5F4016903511284341F701A3 /* [CP] Embed Pods Frameworks */ = {
			isa = PBXShellScriptBuildPhase;
			buildActionMask = 2147483647;
			files = (
			);
			inputFileListPaths = (
				"${PODS_ROOT}/Target Support Files/Pods-IMNetworking/Pods-IMNetworking-frameworks-${CONFIGURATION}-input-files.xcfilelist",
			);
			name = "[CP] Embed Pods Frameworks";
			outputFileListPaths = (
				"${PODS_ROOT}/Target Support Files/Pods-IMNetworking/Pods-IMNetworking-frameworks-${CONFIGURATION}-output-files.xcfilelist",
			);
			runOnlyForDeploymentPostprocessing = 0;
			shellPath = /bin/sh;
			shellScript = "\"${PODS_ROOT}/Target Support Files/Pods-IMNetworking/Pods-IMNetworking-frameworks.sh\"\n";
			showEnvVarsInLog = 0;
		};
/* End PBXShellScriptBuildPhase section */

/* Begin PBXSourcesBuildPhase section */
		93134A4C22B2AC9500868E39 /* Sources */ = {
			isa = PBXSourcesBuildPhase;
			buildActionMask = 2147483647;
			files = (
				93134AB322B2AD9300868E39 /* MsgShakepbobjc.m in Sources */,
				425B32BF22C06BC900644CB9 /* BaseViewController.m in Sources */,
				42446D2F22C0D95700A6591C /* RegisteredViewController.m in Sources */,
				425B32E422C06CE000644CB9 /* MainTabBarController.m in Sources */,
				425B32ED22C06DB500644CB9 /* AddressBookViewController.m in Sources */,
				938A5D0B22B5539900C010C4 /* TimeUtilities.m in Sources */,
				425B32D322C06BC900644CB9 /* ELCVFlowLayout.m in Sources */,
				93134AAC22B2AD9300868E39 /* MsgHeartbeatpbobjc.m in Sources */,
				42AC7B5622BE1913008C2393 /* ChatVO.m in Sources */,
				42CE56A022C0ACB800075E98 /* LoginViewModel.m in Sources */,
				425B32E022C06BC900644CB9 /* MainTabBarConfig.m in Sources */,
				425B32CE22C06BC900644CB9 /* DPHSelectImageVC.m in Sources */,
				42B6E0D422C10C5A00F387AA /* RegisteViewModel.m in Sources */,
				93134AAB22B2AD9300868E39 /* MsgLoginpbobjc.m in Sources */,
				93BF0B0822B3871600B2E6F2 /* MessageModel.m in Sources */,
				93BF0B1122B39FD500B2E6F2 /* BuilderMessage.m in Sources */,
				425B32B922C06BC900644CB9 /* SVProgressHUD+DPHProgressHUD.m in Sources */,
				425B32DC22C06BC900644CB9 /* NSString+XHPayKit.m in Sources */,
				93CAB0DB22B3ACB200289E7E /* MessageProtoBuf.m in Sources */,
				93DAD54F22B55B54006FBBE3 /* LinkService.m in Sources */,
				425B330022C07C4200644CB9 /* LoginViewController.m in Sources */,
				93134A6322B2AC9500868E39 /* main.m in Sources */,
				42446D2B22C0C7FC00A6591C /* LoginModel.m in Sources */,
				425B32DA22C06BC900644CB9 /* NSDictionary+XHPayKit.m in Sources */,
				93134AA822B2AD9300868E39 /* MsgTypepbobjc.m in Sources */,
				425B32DB22C06BC900644CB9 /* XHPayKitConst.m in Sources */,
				425B32C222C06BC900644CB9 /* BaseCollectionViewController.m in Sources */,
				93134AA722B2AD9300868E39 /* MsgHeaderpbobjc.m in Sources */,
				425B32EA22C06D9C00644CB9 /* HomeViewController.m in Sources */,
				425B32D222C06BC900644CB9 /* GuideViewController.m in Sources */,
				425B32C022C06BC900644CB9 /* UICollectionViewFlowLayout+Add.m in Sources */,
				425B32C122C06BC900644CB9 /* ShopClassCollectionViewCell.m in Sources */,
				93BF0B0E22B39F6E00B2E6F2 /* SendMessage.m in Sources */,
				93C114A022B8E29B00D95C15 /* MsgHandshakepbobjc.m in Sources */,
				425B32C522C06BC900644CB9 /* RecordViewController.m in Sources */,
				425B32C622C06BC900644CB9 /* PlayRecord.m in Sources */,
				4265BBB722C1A821006A226F /* ForgetPwdViewController.m in Sources */,
				425B32DF22C06BC900644CB9 /* ConfigIQKeyboard.m in Sources */,
				425B32D722C06BC900644CB9 /* XHPayWxReq.m in Sources */,
				93134AA522B2AD9300868E39 /* MsgChatpbobjc.m in Sources */,
				93134AA622B2AD9300868E39 /* MsgRegistpbobjc.m in Sources */,
				425B32BD22C06BC900644CB9 /* NSString+Utilitles.m in Sources */,
				93134A9C22B2AD9300868E39 /* SocketManager.m in Sources */,
				425B32BE22C06BC900644CB9 /* UIView+XJToast.m in Sources */,
				42446D2522C0B4F900A6591C /* Utilitles.m in Sources */,
				93134AAD22B2AD9300868E39 /* MsgTypingpbobjc.m in Sources */,
				425B32D622C06BC900644CB9 /* ServiceApi.m in Sources */,
				425B32C422C06BC900644CB9 /* CurrentController.m in Sources */,
				425B32D422C06BC900644CB9 /* CacheUserInfo.m in Sources */,
				425B32D022C06BC900644CB9 /* GuideCollectionViewCell.m in Sources */,
				93134A5522B2AC9500868E39 /* AppDelegate.m in Sources */,
				425B32D522C06BC900644CB9 /* UserModel.m in Sources */,
				425B32DD22C06BC900644CB9 /* MLCompatibleAlert.m in Sources */,
				425B32F022C06DC500644CB9 /* PersionViewController.m in Sources */,
				425B32DE22C06BC900644CB9 /* ConfigGlobalStyle.m in Sources */,
				425B32D822C06BC900644CB9 /* XHPayKit.m in Sources */,
				93DAD55922B5FEE9006FBBE3 /* ReceiveMessage.m in Sources */,
				93DAD55222B55D0E006FBBE3 /* PacketService.m in Sources */,
				93134AA022B2AD9300868E39 /* MsgStatuscodepbobjc.m in Sources */,
				42CE56A622C0B21500075E98 /* RequestManager.m in Sources */,
				4263798922BE840A00FC2FFE /* ChatModel.m in Sources */,
				93DAD55622B5DE92006FBBE3 /* AnalysisMessage.m in Sources */,
				425B32CF22C06BC900644CB9 /* UIImage+FixOrientation.m in Sources */,
				425B32C922C06BC900644CB9 /* AudioRecord.m in Sources */,
				93134AAA22B2AD9300868E39 /* MsgLogoutpbobjc.m in Sources */,
				4265BBBB22C1BFB8006A226F /* UpdatePwdViewModel.m in Sources */,
			);
			runOnlyForDeploymentPostprocessing = 0;
		};
/* End PBXSourcesBuildPhase section */

/* Begin PBXVariantGroup section */
		93134A5922B2AC9500868E39 /* Main.storyboard */ = {
			isa = PBXVariantGroup;
			children = (
				93134A5A22B2AC9500868E39 /* Base */,
			);
			name = Main.storyboard;
			sourceTree = "<group>";
		};
		93134A5E22B2AC9500868E39 /* LaunchScreen.storyboard */ = {
			isa = PBXVariantGroup;
			children = (
				93134A5F22B2AC9500868E39 /* Base */,
			);
			name = LaunchScreen.storyboard;
			sourceTree = "<group>";
		};
/* End PBXVariantGroup section */

/* Begin XCBuildConfiguration section */
		93134A6422B2AC9500868E39 /* Debug */ = {
			isa = XCBuildConfiguration;
			buildSettings = {
				ALWAYS_SEARCH_USER_PATHS = NO;
				CLANG_ANALYZER_NONNULL = YES;
				CLANG_ANALYZER_NUMBER_OBJECT_CONVERSION = YES_AGGRESSIVE;
				CLANG_CXX_LANGUAGE_STANDARD = "gnu++14";
				CLANG_CXX_LIBRARY = "libc++";
				CLANG_ENABLE_MODULES = YES;
				CLANG_ENABLE_OBJC_ARC = YES;
				CLANG_ENABLE_OBJC_WEAK = YES;
				CLANG_WARN_BLOCK_CAPTURE_AUTORELEASING = YES;
				CLANG_WARN_BOOL_CONVERSION = YES;
				CLANG_WARN_COMMA = YES;
				CLANG_WARN_CONSTANT_CONVERSION = YES;
				CLANG_WARN_DEPRECATED_OBJC_IMPLEMENTATIONS = YES;
				CLANG_WARN_DIRECT_OBJC_ISA_USAGE = YES_ERROR;
				CLANG_WARN_DOCUMENTATION_COMMENTS = YES;
				CLANG_WARN_EMPTY_BODY = YES;
				CLANG_WARN_ENUM_CONVERSION = YES;
				CLANG_WARN_INFINITE_RECURSION = YES;
				CLANG_WARN_INT_CONVERSION = YES;
				CLANG_WARN_NON_LITERAL_NULL_CONVERSION = YES;
				CLANG_WARN_OBJC_IMPLICIT_RETAIN_SELF = YES;
				CLANG_WARN_OBJC_LITERAL_CONVERSION = YES;
				CLANG_WARN_OBJC_ROOT_CLASS = YES_ERROR;
				CLANG_WARN_RANGE_LOOP_ANALYSIS = YES;
				CLANG_WARN_STRICT_PROTOTYPES = YES;
				CLANG_WARN_SUSPICIOUS_MOVE = YES;
				CLANG_WARN_UNGUARDED_AVAILABILITY = YES_AGGRESSIVE;
				CLANG_WARN_UNREACHABLE_CODE = YES;
				CLANG_WARN__DUPLICATE_METHOD_MATCH = YES;
				CODE_SIGN_IDENTITY = "iPhone Developer";
				COPY_PHASE_STRIP = NO;
				DEBUG_INFORMATION_FORMAT = dwarf;
				ENABLE_STRICT_OBJC_MSGSEND = YES;
				ENABLE_TESTABILITY = YES;
				GCC_C_LANGUAGE_STANDARD = gnu11;
				GCC_DYNAMIC_NO_PIC = NO;
				GCC_NO_COMMON_BLOCKS = YES;
				GCC_OPTIMIZATION_LEVEL = 0;
				GCC_PREPROCESSOR_DEFINITIONS = (
					"DEBUG=1",
					"$(inherited)",
				);
				GCC_WARN_64_TO_32_BIT_CONVERSION = YES;
				GCC_WARN_ABOUT_RETURN_TYPE = YES_ERROR;
				GCC_WARN_UNDECLARED_SELECTOR = YES;
				GCC_WARN_UNINITIALIZED_AUTOS = YES_AGGRESSIVE;
				GCC_WARN_UNUSED_FUNCTION = YES;
				GCC_WARN_UNUSED_VARIABLE = YES;
				IPHONEOS_DEPLOYMENT_TARGET = 12.2;
				MTL_ENABLE_DEBUG_INFO = INCLUDE_SOURCE;
				MTL_FAST_MATH = YES;
				ONLY_ACTIVE_ARCH = YES;
				SDKROOT = iphoneos;
			};
			name = Debug;
		};
		93134A6522B2AC9500868E39 /* Release */ = {
			isa = XCBuildConfiguration;
			buildSettings = {
				ALWAYS_SEARCH_USER_PATHS = NO;
				CLANG_ANALYZER_NONNULL = YES;
				CLANG_ANALYZER_NUMBER_OBJECT_CONVERSION = YES_AGGRESSIVE;
				CLANG_CXX_LANGUAGE_STANDARD = "gnu++14";
				CLANG_CXX_LIBRARY = "libc++";
				CLANG_ENABLE_MODULES = YES;
				CLANG_ENABLE_OBJC_ARC = YES;
				CLANG_ENABLE_OBJC_WEAK = YES;
				CLANG_WARN_BLOCK_CAPTURE_AUTORELEASING = YES;
				CLANG_WARN_BOOL_CONVERSION = YES;
				CLANG_WARN_COMMA = YES;
				CLANG_WARN_CONSTANT_CONVERSION = YES;
				CLANG_WARN_DEPRECATED_OBJC_IMPLEMENTATIONS = YES;
				CLANG_WARN_DIRECT_OBJC_ISA_USAGE = YES_ERROR;
				CLANG_WARN_DOCUMENTATION_COMMENTS = YES;
				CLANG_WARN_EMPTY_BODY = YES;
				CLANG_WARN_ENUM_CONVERSION = YES;
				CLANG_WARN_INFINITE_RECURSION = YES;
				CLANG_WARN_INT_CONVERSION = YES;
				CLANG_WARN_NON_LITERAL_NULL_CONVERSION = YES;
				CLANG_WARN_OBJC_IMPLICIT_RETAIN_SELF = YES;
				CLANG_WARN_OBJC_LITERAL_CONVERSION = YES;
				CLANG_WARN_OBJC_ROOT_CLASS = YES_ERROR;
				CLANG_WARN_RANGE_LOOP_ANALYSIS = YES;
				CLANG_WARN_STRICT_PROTOTYPES = YES;
				CLANG_WARN_SUSPICIOUS_MOVE = YES;
				CLANG_WARN_UNGUARDED_AVAILABILITY = YES_AGGRESSIVE;
				CLANG_WARN_UNREACHABLE_CODE = YES;
				CLANG_WARN__DUPLICATE_METHOD_MATCH = YES;
				CODE_SIGN_IDENTITY = "iPhone Developer";
				COPY_PHASE_STRIP = NO;
				DEBUG_INFORMATION_FORMAT = "dwarf-with-dsym";
				ENABLE_NS_ASSERTIONS = NO;
				ENABLE_STRICT_OBJC_MSGSEND = YES;
				GCC_C_LANGUAGE_STANDARD = gnu11;
				GCC_NO_COMMON_BLOCKS = YES;
				GCC_WARN_64_TO_32_BIT_CONVERSION = YES;
				GCC_WARN_ABOUT_RETURN_TYPE = YES_ERROR;
				GCC_WARN_UNDECLARED_SELECTOR = YES;
				GCC_WARN_UNINITIALIZED_AUTOS = YES_AGGRESSIVE;
				GCC_WARN_UNUSED_FUNCTION = YES;
				GCC_WARN_UNUSED_VARIABLE = YES;
				IPHONEOS_DEPLOYMENT_TARGET = 12.2;
				MTL_ENABLE_DEBUG_INFO = NO;
				MTL_FAST_MATH = YES;
				SDKROOT = iphoneos;
				VALIDATE_PRODUCT = YES;
			};
			name = Release;
		};
		93134A6722B2AC9500868E39 /* Debug */ = {
			isa = XCBuildConfiguration;
			baseConfigurationReference = 9AEC9101EBE22881DF8470AC /* Pods-IMNetworking.debug.xcconfig */;
			buildSettings = {
				ASSETCATALOG_COMPILER_APPICON_NAME = AppIcon;
				CODE_SIGN_STYLE = Automatic;
				DEVELOPMENT_TEAM = Q8XSPV28DU;
				GCC_PRECOMPILE_PREFIX_HEADER = YES;
				GCC_PREFIX_HEADER = "$(SRCROOT)/IMNetworking/Config/PrefixHeader.pch";
				INFOPLIST_FILE = IMNetworking/Info.plist;
				LD_RUNPATH_SEARCH_PATHS = (
					"$(inherited)",
					"@executable_path/Frameworks",
				);
				LIBRARY_SEARCH_PATHS = (
					"$(inherited)",
					"$(PROJECT_DIR)/IMNetworking/Tools/BaiduPushUtil",
				);
				PRODUCT_BUNDLE_IDENTIFIER = hnxj.IMNetworking;
				PRODUCT_NAME = "$(TARGET_NAME)";
				TARGETED_DEVICE_FAMILY = "1,2";
			};
			name = Debug;
		};
		93134A6822B2AC9500868E39 /* Release */ = {
			isa = XCBuildConfiguration;
			baseConfigurationReference = 42786AD53668AC5750AED694 /* Pods-IMNetworking.release.xcconfig */;
			buildSettings = {
				ASSETCATALOG_COMPILER_APPICON_NAME = AppIcon;
				CODE_SIGN_STYLE = Automatic;
				DEVELOPMENT_TEAM = Q8XSPV28DU;
				GCC_PRECOMPILE_PREFIX_HEADER = YES;
				GCC_PREFIX_HEADER = "$(SRCROOT)/IMNetworking/Config/PrefixHeader.pch";
				INFOPLIST_FILE = IMNetworking/Info.plist;
				LD_RUNPATH_SEARCH_PATHS = (
					"$(inherited)",
					"@executable_path/Frameworks",
				);
				LIBRARY_SEARCH_PATHS = (
					"$(inherited)",
					"$(PROJECT_DIR)/IMNetworking/Tools/BaiduPushUtil",
				);
				PRODUCT_BUNDLE_IDENTIFIER = hnxj.IMNetworking;
				PRODUCT_NAME = "$(TARGET_NAME)";
				TARGETED_DEVICE_FAMILY = "1,2";
			};
			name = Release;
		};
/* End XCBuildConfiguration section */

/* Begin XCConfigurationList section */
		93134A4B22B2AC9500868E39 /* Build configuration list for PBXProject "IMNetworking" */ = {
			isa = XCConfigurationList;
			buildConfigurations = (
				93134A6422B2AC9500868E39 /* Debug */,
				93134A6522B2AC9500868E39 /* Release */,
			);
			defaultConfigurationIsVisible = 0;
			defaultConfigurationName = Release;
		};
		93134A6622B2AC9500868E39 /* Build configuration list for PBXNativeTarget "IMNetworking" */ = {
			isa = XCConfigurationList;
			buildConfigurations = (
				93134A6722B2AC9500868E39 /* Debug */,
				93134A6822B2AC9500868E39 /* Release */,
			);
			defaultConfigurationIsVisible = 0;
			defaultConfigurationName = Release;
		};
/* End XCConfigurationList section */
	};
	rootObject = 93134A4822B2AC9500868E39 /* Project object */;
}
